// !$*UTF8*$!
{
	archiveVersion = 1;
	classes = {
	};
	objectVersion = 55;
	objects = {

/* Begin PBXBuildFile section */
		A35B2D2B2BEE146400F65614 /* InspireFace.docc in Sources */ = {isa = PBXBuildFile; fileRef = A35B2D2A2BEE146400F65614 /* InspireFace.docc */; };
		A35B2D312BEE146400F65614 /* InspireFace.framework in Frameworks */ = {isa = PBXBuildFile; fileRef = A35B2D262BEE146400F65614 /* InspireFace.framework */; };
		A35B2D362BEE146400F65614 /* InspireFaceTests.m in Sources */ = {isa = PBXBuildFile; fileRef = A35B2D352BEE146400F65614 /* InspireFaceTests.m */; };
		A35B2D372BEE146400F65614 /* InspireFace.h in Headers */ = {isa = PBXBuildFile; fileRef = A35B2D292BEE146400F65614 /* InspireFace.h */; settings = {ATTRIBUTES = (Public, ); }; };
		A35B2D432BEE15AE00F65614 /* opencv2.framework in Frameworks */ = {isa = PBXBuildFile; fileRef = A35B2D422BEE15AE00F65614 /* opencv2.framework */; };
		A35B2D452BEE15E900F65614 /* MNN.framework in Frameworks */ = {isa = PBXBuildFile; fileRef = A35B2D442BEE15E800F65614 /* MNN.framework */; };
		A35B2D7E2BEE164200F65614 /* scanscalar.h in Headers */ = {isa = PBXBuildFile; fileRef = A35B2D472BEE164100F65614 /* scanscalar.h */; };
		A35B2D7F2BEE164200F65614 /* exceptions.cpp in Sources */ = {isa = PBXBuildFile; fileRef = A35B2D482BEE164100F65614 /* exceptions.cpp */; };
		A35B2D802BEE164200F65614 /* memory.cpp in Sources */ = {isa = PBXBuildFile; fileRef = A35B2D492BEE164100F65614 /* memory.cpp */; };
		A35B2D812BEE164200F65614 /* scantag.h in Headers */ = {isa = PBXBuildFile; fileRef = A35B2D4A2BEE164100F65614 /* scantag.h */; };
		A35B2D822BEE164200F65614 /* regeximpl.h in Headers */ = {isa = PBXBuildFile; fileRef = A35B2D4B2BEE164100F65614 /* regeximpl.h */; };
		A35B2D832BEE164200F65614 /* ostream_wrapper.cpp in Sources */ = {isa = PBXBuildFile; fileRef = A35B2D4C2BEE164100F65614 /* ostream_wrapper.cpp */; };
		A35B2D842BEE164200F65614 /* tag.h in Headers */ = {isa = PBXBuildFile; fileRef = A35B2D4D2BEE164100F65614 /* tag.h */; };
		A35B2D852BEE164200F65614 /* emitfromevents.cpp in Sources */ = {isa = PBXBuildFile; fileRef = A35B2D4E2BEE164100F65614 /* emitfromevents.cpp */; };
		A35B2D862BEE164200F65614 /* simplekey.cpp in Sources */ = {isa = PBXBuildFile; fileRef = A35B2D4F2BEE164100F65614 /* simplekey.cpp */; };
		A35B2D872BEE164200F65614 /* parse.cpp in Sources */ = {isa = PBXBuildFile; fileRef = A35B2D502BEE164100F65614 /* parse.cpp */; };
		A35B2D882BEE164200F65614 /* indentation.h in Headers */ = {isa = PBXBuildFile; fileRef = A35B2D512BEE164100F65614 /* indentation.h */; };
		A35B2D892BEE164200F65614 /* emitter.cpp in Sources */ = {isa = PBXBuildFile; fileRef = A35B2D522BEE164100F65614 /* emitter.cpp */; };
		A35B2D8A2BEE164200F65614 /* nodeevents.h in Headers */ = {isa = PBXBuildFile; fileRef = A35B2D532BEE164100F65614 /* nodeevents.h */; };
		A35B2D8B2BEE164200F65614 /* convert.cpp in Sources */ = {isa = PBXBuildFile; fileRef = A35B2D542BEE164100F65614 /* convert.cpp */; };
		A35B2D8C2BEE164200F65614 /* regex_yaml.cpp in Sources */ = {isa = PBXBuildFile; fileRef = A35B2D552BEE164100F65614 /* regex_yaml.cpp */; };
		A35B2D8D2BEE164200F65614 /* scanscalar.cpp in Sources */ = {isa = PBXBuildFile; fileRef = A35B2D562BEE164100F65614 /* scanscalar.cpp */; };
		A35B2D8E2BEE164200F65614 /* exp.cpp in Sources */ = {isa = PBXBuildFile; fileRef = A35B2D572BEE164100F65614 /* exp.cpp */; };
		A35B2D8F2BEE164200F65614 /* null.cpp in Sources */ = {isa = PBXBuildFile; fileRef = A35B2D582BEE164100F65614 /* null.cpp */; };
		A35B2D902BEE164200F65614 /* node.cpp in Sources */ = {isa = PBXBuildFile; fileRef = A35B2D592BEE164100F65614 /* node.cpp */; };
		A35B2D912BEE164200F65614 /* singledocparser.cpp in Sources */ = {isa = PBXBuildFile; fileRef = A35B2D5A2BEE164100F65614 /* singledocparser.cpp */; };
		A35B2D922BEE164200F65614 /* emitterutils.h in Headers */ = {isa = PBXBuildFile; fileRef = A35B2D5B2BEE164100F65614 /* emitterutils.h */; };
		A35B2D932BEE164200F65614 /* binary.cpp in Sources */ = {isa = PBXBuildFile; fileRef = A35B2D5C2BEE164100F65614 /* binary.cpp */; };
		A35B2D942BEE164200F65614 /* stream.h in Headers */ = {isa = PBXBuildFile; fileRef = A35B2D5D2BEE164100F65614 /* stream.h */; };
		A35B2D952BEE164200F65614 /* nodeevents.cpp in Sources */ = {isa = PBXBuildFile; fileRef = A35B2D5E2BEE164100F65614 /* nodeevents.cpp */; };
		A35B2D962BEE164200F65614 /* yaml-cpp.natvis in Resources */ = {isa = PBXBuildFile; fileRef = A35B2D602BEE164100F65614 /* yaml-cpp.natvis */; };
		A35B2D972BEE164200F65614 /* graphbuilderadapter.cpp in Sources */ = {isa = PBXBuildFile; fileRef = A35B2D612BEE164100F65614 /* graphbuilderadapter.cpp */; };
		A35B2D982BEE164200F65614 /* yaml-cpp.natvis.md in Resources */ = {isa = PBXBuildFile; fileRef = A35B2D622BEE164100F65614 /* yaml-cpp.natvis.md */; };
		A35B2D992BEE164200F65614 /* graphbuilder.cpp in Sources */ = {isa = PBXBuildFile; fileRef = A35B2D632BEE164100F65614 /* graphbuilder.cpp */; };
		A35B2D9A2BEE164300F65614 /* graphbuilderadapter.h in Headers */ = {isa = PBXBuildFile; fileRef = A35B2D642BEE164100F65614 /* graphbuilderadapter.h */; };
		A35B2D9B2BEE164300F65614 /* nodebuilder.h in Headers */ = {isa = PBXBuildFile; fileRef = A35B2D652BEE164100F65614 /* nodebuilder.h */; };
		A35B2D9C2BEE164300F65614 /* scanner.cpp in Sources */ = {isa = PBXBuildFile; fileRef = A35B2D662BEE164100F65614 /* scanner.cpp */; };
		A35B2D9D2BEE164300F65614 /* emit.cpp in Sources */ = {isa = PBXBuildFile; fileRef = A35B2D672BEE164100F65614 /* emit.cpp */; };
		A35B2D9E2BEE164300F65614 /* tag.cpp in Sources */ = {isa = PBXBuildFile; fileRef = A35B2D682BEE164100F65614 /* tag.cpp */; };
		A35B2D9F2BEE164300F65614 /* streamcharsource.h in Headers */ = {isa = PBXBuildFile; fileRef = A35B2D692BEE164100F65614 /* streamcharsource.h */; };
		A35B2DA02BEE164300F65614 /* stringsource.h in Headers */ = {isa = PBXBuildFile; fileRef = A35B2D6A2BEE164100F65614 /* stringsource.h */; };
		A35B2DA12BEE164300F65614 /* emitterutils.cpp in Sources */ = {isa = PBXBuildFile; fileRef = A35B2D6B2BEE164100F65614 /* emitterutils.cpp */; };
		A35B2DA22BEE164300F65614 /* scanner.h in Headers */ = {isa = PBXBuildFile; fileRef = A35B2D6C2BEE164100F65614 /* scanner.h */; };
		A35B2DA32BEE164300F65614 /* stream.cpp in Sources */ = {isa = PBXBuildFile; fileRef = A35B2D6D2BEE164100F65614 /* stream.cpp */; };
		A35B2DA42BEE164300F65614 /* scantag.cpp in Sources */ = {isa = PBXBuildFile; fileRef = A35B2D6E2BEE164100F65614 /* scantag.cpp */; };
		A35B2DA52BEE164300F65614 /* scantoken.cpp in Sources */ = {isa = PBXBuildFile; fileRef = A35B2D6F2BEE164100F65614 /* scantoken.cpp */; };
		A35B2DA62BEE164300F65614 /* emitterstate.h in Headers */ = {isa = PBXBuildFile; fileRef = A35B2D702BEE164100F65614 /* emitterstate.h */; };
		A35B2DA72BEE164300F65614 /* nodebuilder.cpp in Sources */ = {isa = PBXBuildFile; fileRef = A35B2D712BEE164100F65614 /* nodebuilder.cpp */; };
		A35B2DA82BEE164300F65614 /* collectionstack.h in Headers */ = {isa = PBXBuildFile; fileRef = A35B2D722BEE164100F65614 /* collectionstack.h */; };
		A35B2DA92BEE164300F65614 /* directives.cpp in Sources */ = {isa = PBXBuildFile; fileRef = A35B2D732BEE164100F65614 /* directives.cpp */; };
		A35B2DAA2BEE164300F65614 /* ptr_vector.h in Headers */ = {isa = PBXBuildFile; fileRef = A35B2D742BEE164100F65614 /* ptr_vector.h */; };
		A35B2DAB2BEE164300F65614 /* singledocparser.h in Headers */ = {isa = PBXBuildFile; fileRef = A35B2D752BEE164100F65614 /* singledocparser.h */; };
		A35B2DAC2BEE164300F65614 /* exp.h in Headers */ = {isa = PBXBuildFile; fileRef = A35B2D762BEE164100F65614 /* exp.h */; };
		A35B2DAD2BEE164300F65614 /* token.h in Headers */ = {isa = PBXBuildFile; fileRef = A35B2D772BEE164100F65614 /* token.h */; };
		A35B2DAE2BEE164300F65614 /* regex_yaml.h in Headers */ = {isa = PBXBuildFile; fileRef = A35B2D782BEE164100F65614 /* regex_yaml.h */; };
		A35B2DAF2BEE164300F65614 /* node_data.cpp in Sources */ = {isa = PBXBuildFile; fileRef = A35B2D792BEE164100F65614 /* node_data.cpp */; };
		A35B2DB02BEE164300F65614 /* emitterstate.cpp in Sources */ = {isa = PBXBuildFile; fileRef = A35B2D7A2BEE164100F65614 /* emitterstate.cpp */; };
		A35B2DB12BEE164300F65614 /* parser.cpp in Sources */ = {isa = PBXBuildFile; fileRef = A35B2D7B2BEE164100F65614 /* parser.cpp */; };
		A35B2DB22BEE164300F65614 /* setting.h in Headers */ = {isa = PBXBuildFile; fileRef = A35B2D7C2BEE164100F65614 /* setting.h */; };
		A35B2DB32BEE164300F65614 /* directives.h in Headers */ = {isa = PBXBuildFile; fileRef = A35B2D7D2BEE164100F65614 /* directives.h */; };
		A35B2DB52BEE16B600F65614 /* sqlite3.c in Sources */ = {isa = PBXBuildFile; fileRef = A35B2DB42BEE16B600F65614 /* sqlite3.c */; };
		A35B2EB82BEE1C5B00F65614 /* scanscalar.h in Sources */ = {isa = PBXBuildFile; fileRef = A35B2D472BEE164100F65614 /* scanscalar.h */; };
		A35B2EB92BEE1C5B00F65614 /* scantag.h in Sources */ = {isa = PBXBuildFile; fileRef = A35B2D4A2BEE164100F65614 /* scantag.h */; };
		A35B2EBA2BEE1C5B00F65614 /* regeximpl.h in Sources */ = {isa = PBXBuildFile; fileRef = A35B2D4B2BEE164100F65614 /* regeximpl.h */; };
		A35B2EBB2BEE1C5B00F65614 /* tag.h in Sources */ = {isa = PBXBuildFile; fileRef = A35B2D4D2BEE164100F65614 /* tag.h */; };
		A35B2EBC2BEE1C5B00F65614 /* indentation.h in Sources */ = {isa = PBXBuildFile; fileRef = A35B2D512BEE164100F65614 /* indentation.h */; };
		A35B2EBD2BEE1C5B00F65614 /* nodeevents.h in Sources */ = {isa = PBXBuildFile; fileRef = A35B2D532BEE164100F65614 /* nodeevents.h */; };
		A35B2EBE2BEE1C5B00F65614 /* emitterutils.h in Sources */ = {isa = PBXBuildFile; fileRef = A35B2D5B2BEE164100F65614 /* emitterutils.h */; };
		A35B2EBF2BEE1C5B00F65614 /* stream.h in Sources */ = {isa = PBXBuildFile; fileRef = A35B2D5D2BEE164100F65614 /* stream.h */; };
		A35B2EC02BEE1C5B00F65614 /* yaml-cpp.natvis in Sources */ = {isa = PBXBuildFile; fileRef = A35B2D602BEE164100F65614 /* yaml-cpp.natvis */; };
		A35B2EC12BEE1C5B00F65614 /* yaml-cpp.natvis.md in Sources */ = {isa = PBXBuildFile; fileRef = A35B2D622BEE164100F65614 /* yaml-cpp.natvis.md */; };
		A35B2EC22BEE1C5C00F65614 /* graphbuilderadapter.h in Sources */ = {isa = PBXBuildFile; fileRef = A35B2D642BEE164100F65614 /* graphbuilderadapter.h */; };
		A35B2EC32BEE1C5C00F65614 /* nodebuilder.h in Sources */ = {isa = PBXBuildFile; fileRef = A35B2D652BEE164100F65614 /* nodebuilder.h */; };
		A35B2EC42BEE1C5C00F65614 /* streamcharsource.h in Sources */ = {isa = PBXBuildFile; fileRef = A35B2D692BEE164100F65614 /* streamcharsource.h */; };
		A35B2EC52BEE1C5C00F65614 /* stringsource.h in Sources */ = {isa = PBXBuildFile; fileRef = A35B2D6A2BEE164100F65614 /* stringsource.h */; };
		A35B2EC62BEE1C5C00F65614 /* scanner.h in Sources */ = {isa = PBXBuildFile; fileRef = A35B2D6C2BEE164100F65614 /* scanner.h */; };
		A35B2EC72BEE1C5C00F65614 /* emitterstate.h in Sources */ = {isa = PBXBuildFile; fileRef = A35B2D702BEE164100F65614 /* emitterstate.h */; };
		A35B2EC82BEE1C5C00F65614 /* collectionstack.h in Sources */ = {isa = PBXBuildFile; fileRef = A35B2D722BEE164100F65614 /* collectionstack.h */; };
		A35B2EC92BEE1C5C00F65614 /* ptr_vector.h in Sources */ = {isa = PBXBuildFile; fileRef = A35B2D742BEE164100F65614 /* ptr_vector.h */; };
		A35B2ECA2BEE1C5C00F65614 /* singledocparser.h in Sources */ = {isa = PBXBuildFile; fileRef = A35B2D752BEE164100F65614 /* singledocparser.h */; };
		A35B2ECB2BEE1C5C00F65614 /* exp.h in Sources */ = {isa = PBXBuildFile; fileRef = A35B2D762BEE164100F65614 /* exp.h */; };
		A35B2ECC2BEE1C5C00F65614 /* token.h in Sources */ = {isa = PBXBuildFile; fileRef = A35B2D772BEE164100F65614 /* token.h */; };
		A35B2ECD2BEE1C5C00F65614 /* regex_yaml.h in Sources */ = {isa = PBXBuildFile; fileRef = A35B2D782BEE164100F65614 /* regex_yaml.h */; };
		A35B2ECE2BEE1C5C00F65614 /* setting.h in Sources */ = {isa = PBXBuildFile; fileRef = A35B2D7C2BEE164100F65614 /* setting.h */; };
		A35B2ECF2BEE1C5C00F65614 /* directives.h in Sources */ = {isa = PBXBuildFile; fileRef = A35B2D7D2BEE164100F65614 /* directives.h */; };
		A35B2FD42BEE1DAA00F65614 /* camera_stream.h in Headers */ = {isa = PBXBuildFile; fileRef = A35B2F632BEE1DA800F65614 /* camera_stream.h */; };
		A35B2FD52BEE1DAA00F65614 /* utils.h in Headers */ = {isa = PBXBuildFile; fileRef = A35B2F642BEE1DA800F65614 /* utils.h */; };
		A35B2FD62BEE1DAA00F65614 /* configurable.h in Headers */ = {isa = PBXBuildFile; fileRef = A35B2F652BEE1DA800F65614 /* configurable.h */; };
		A35B2FD72BEE1DAA00F65614 /* costman.h in Headers */ = {isa = PBXBuildFile; fileRef = A35B2F662BEE1DA800F65614 /* costman.h */; };
		A35B2FD82BEE1DAA00F65614 /* any_net.h in Headers */ = {isa = PBXBuildFile; fileRef = A35B2F672BEE1DA800F65614 /* any_net.h */; };
		A35B2FD92BEE1DAA00F65614 /* sample_archive.h in Headers */ = {isa = PBXBuildFile; fileRef = A35B2F692BEE1DA800F65614 /* sample_archive.h */; };
		A35B2FDA2BEE1DAA00F65614 /* inspire_archive.h in Headers */ = {isa = PBXBuildFile; fileRef = A35B2F6A2BEE1DA800F65614 /* inspire_archive.h */; };
		A35B2FDB2BEE1DAA00F65614 /* microtar.c in Sources */ = {isa = PBXBuildFile; fileRef = A35B2F6C2BEE1DA800F65614 /* microtar.c */; };
		A35B2FDC2BEE1DAA00F65614 /* microtar.h in Headers */ = {isa = PBXBuildFile; fileRef = A35B2F6D2BEE1DA800F65614 /* microtar.h */; };
		A35B2FDD2BEE1DAA00F65614 /* inspire_model.h in Headers */ = {isa = PBXBuildFile; fileRef = A35B2F6F2BEE1DA800F65614 /* inspire_model.h */; };
		A35B2FDE2BEE1DAA00F65614 /* configurable.cpp in Sources */ = {isa = PBXBuildFile; fileRef = A35B2F702BEE1DA800F65614 /* configurable.cpp */; };
		A35B2FDF2BEE1DAA00F65614 /* json.hpp in Headers */ = {isa = PBXBuildFile; fileRef = A35B2F722BEE1DA800F65614 /* json.hpp */; };
		A35B2FE02BEE1DAA00F65614 /* inference_helper_rknn_adapter.cpp in Sources */ = {isa = PBXBuildFile; fileRef = A35B2F742BEE1DA800F65614 /* inference_helper_rknn_adapter.cpp */; };
		A35B2FE12BEE1DAA00F65614 /* inference_helper_log.h in Headers */ = {isa = PBXBuildFile; fileRef = A35B2F752BEE1DA800F65614 /* inference_helper_log.h */; };
		A35B2FE22BEE1DAA00F65614 /* inference_helper_rknn.cpp in Sources */ = {isa = PBXBuildFile; fileRef = A35B2F762BEE1DA800F65614 /* inference_helper_rknn.cpp */; };
		A35B2FE32BEE1DAA00F65614 /* inference_helper.cpp in Sources */ = {isa = PBXBuildFile; fileRef = A35B2F772BEE1DA800F65614 /* inference_helper.cpp */; };
		A35B2FE42BEE1DAA00F65614 /* inference_helper_mnn.cpp in Sources */ = {isa = PBXBuildFile; fileRef = A35B2F782BEE1DA800F65614 /* inference_helper_mnn.cpp */; };
		A35B2FE52BEE1DAA00F65614 /* inference_helper_rknn_adapter.h in Headers */ = {isa = PBXBuildFile; fileRef = A35B2F792BEE1DA800F65614 /* inference_helper_rknn_adapter.h */; };
		A35B2FE62BEE1DAA00F65614 /* inference_helper.h in Headers */ = {isa = PBXBuildFile; fileRef = A35B2F7A2BEE1DA800F65614 /* inference_helper.h */; };
		A35B2FE72BEE1DAA00F65614 /* inference_helper_mnn.h in Headers */ = {isa = PBXBuildFile; fileRef = A35B2F7B2BEE1DA800F65614 /* inference_helper_mnn.h */; };
		A35B2FE82BEE1DAA00F65614 /* rknn_adapter.h in Headers */ = {isa = PBXBuildFile; fileRef = A35B2F7D2BEE1DA800F65614 /* rknn_adapter.h */; };
		A35B2FE92BEE1DAA00F65614 /* inference_helper_rknn.h in Headers */ = {isa = PBXBuildFile; fileRef = A35B2F7E2BEE1DA800F65614 /* inference_helper_rknn.h */; };
		A35B2FEA2BEE1DAA00F65614 /* face_feature_extraction.h in Headers */ = {isa = PBXBuildFile; fileRef = A35B2F802BEE1DA800F65614 /* face_feature_extraction.h */; };
		A35B2FEB2BEE1DAA00F65614 /* alignment.h in Headers */ = {isa = PBXBuildFile; fileRef = A35B2F822BEE1DA900F65614 /* alignment.h */; };
		A35B2FEC2BEE1DAB00F65614 /* extract.h in Headers */ = {isa = PBXBuildFile; fileRef = A35B2F832BEE1DA900F65614 /* extract.h */; };
		A35B2FED2BEE1DAB00F65614 /* extract.cpp in Sources */ = {isa = PBXBuildFile; fileRef = A35B2F842BEE1DA900F65614 /* extract.cpp */; };
		A35B2FEE2BEE1DAB00F65614 /* face_feature_extraction.cpp in Sources */ = {isa = PBXBuildFile; fileRef = A35B2F852BEE1DA900F65614 /* face_feature_extraction.cpp */; };
		A35B2FEF2BEE1DAB00F65614 /* log.cpp in Sources */ = {isa = PBXBuildFile; fileRef = A35B2F862BEE1DA900F65614 /* log.cpp */; };
		A35B2FF02BEE1DAB00F65614 /* launch.cpp in Sources */ = {isa = PBXBuildFile; fileRef = A35B2F882BEE1DA900F65614 /* launch.cpp */; };
		A35B2FF12BEE1DAB00F65614 /* launch.h in Headers */ = {isa = PBXBuildFile; fileRef = A35B2F892BEE1DA900F65614 /* launch.h */; };
		A35B2FF32BEE1DAB00F65614 /* information.h in Headers */ = {isa = PBXBuildFile; fileRef = A35B2F8B2BEE1DA900F65614 /* information.h */; };
		A35B2FF42BEE1DAB00F65614 /* herror.h in Headers */ = {isa = PBXBuildFile; fileRef = A35B2F8C2BEE1DA900F65614 /* herror.h */; };
		A35B2FF62BEE1DAB00F65614 /* feature_block.h in Headers */ = {isa = PBXBuildFile; fileRef = A35B2F902BEE1DA900F65614 /* feature_block.h */; };
		A35B2FF72BEE1DAB00F65614 /* feature_block_none.h in Headers */ = {isa = PBXBuildFile; fileRef = A35B2F922BEE1DA900F65614 /* feature_block_none.h */; };
		A35B2FF82BEE1DAB00F65614 /* feature_block_none.cpp in Sources */ = {isa = PBXBuildFile; fileRef = A35B2F932BEE1DA900F65614 /* feature_block_none.cpp */; };
		A35B2FF92BEE1DAB00F65614 /* feature_block_opencv.cpp in Sources */ = {isa = PBXBuildFile; fileRef = A35B2F942BEE1DA900F65614 /* feature_block_opencv.cpp */; };
		A35B2FFA2BEE1DAB00F65614 /* feature_block_opencv.h in Headers */ = {isa = PBXBuildFile; fileRef = A35B2F952BEE1DA900F65614 /* feature_block_opencv.h */; };
		A35B2FFB2BEE1DAB00F65614 /* feature_block.cpp in Sources */ = {isa = PBXBuildFile; fileRef = A35B2F962BEE1DA900F65614 /* feature_block.cpp */; };
		A35B2FFC2BEE1DAB00F65614 /* feature_hub.h in Headers */ = {isa = PBXBuildFile; fileRef = A35B2F972BEE1DA900F65614 /* feature_hub.h */; };
		A35B2FFD2BEE1DAB00F65614 /* simd.h in Headers */ = {isa = PBXBuildFile; fileRef = A35B2F982BEE1DA900F65614 /* simd.h */; };
		A35B2FFE2BEE1DAB00F65614 /* sqlite_faces_manage.h in Headers */ = {isa = PBXBuildFile; fileRef = A35B2F9A2BEE1DA900F65614 /* sqlite_faces_manage.h */; };
		A35B2FFF2BEE1DAB00F65614 /* sqlite_faces_manage.cpp in Sources */ = {isa = PBXBuildFile; fileRef = A35B2F9B2BEE1DA900F65614 /* sqlite_faces_manage.cpp */; };
		A35B30002BEE1DAB00F65614 /* feature_hub.cpp in Sources */ = {isa = PBXBuildFile; fileRef = A35B2F9C2BEE1DA900F65614 /* feature_hub.cpp */; };
		A35B30012BEE1DAB00F65614 /* face_context.h in Headers */ = {isa = PBXBuildFile; fileRef = A35B2F9D2BEE1DA900F65614 /* face_context.h */; };
		A35B30032BEE1DAB00F65614 /* all.h in Headers */ = {isa = PBXBuildFile; fileRef = A35B2FA12BEE1DA900F65614 /* all.h */; };
		A35B30042BEE1DAB00F65614 /* face_landmark.h in Headers */ = {isa = PBXBuildFile; fileRef = A35B2FA22BEE1DA900F65614 /* face_landmark.h */; };
		A35B30052BEE1DAB00F65614 /* face_landmark.cpp in Sources */ = {isa = PBXBuildFile; fileRef = A35B2FA32BEE1DA900F65614 /* face_landmark.cpp */; };
		A35B30062BEE1DAB00F65614 /* mean_shape.h in Headers */ = {isa = PBXBuildFile; fileRef = A35B2FA42BEE1DA900F65614 /* mean_shape.h */; };
		A35B30072BEE1DAB00F65614 /* face_pose_quality.h in Headers */ = {isa = PBXBuildFile; fileRef = A35B2FA62BEE1DA900F65614 /* face_pose_quality.h */; };
		A35B30082BEE1DAB00F65614 /* face_pose_quality.cpp in Sources */ = {isa = PBXBuildFile; fileRef = A35B2FA72BEE1DA900F65614 /* face_pose_quality.cpp */; };
		A35B30092BEE1DAB00F65614 /* face_track.cpp in Sources */ = {isa = PBXBuildFile; fileRef = A35B2FA82BEE1DA900F65614 /* face_track.cpp */; };
		A35B300A2BEE1DAC00F65614 /* face_track.h in Headers */ = {isa = PBXBuildFile; fileRef = A35B2FA92BEE1DA900F65614 /* face_track.h */; };
		A35B300B2BEE1DAC00F65614 /* all.h in Headers */ = {isa = PBXBuildFile; fileRef = A35B2FAB2BEE1DA900F65614 /* all.h */; };
		A35B300C2BEE1DAC00F65614 /* face_detect.cpp in Sources */ = {isa = PBXBuildFile; fileRef = A35B2FAC2BEE1DA900F65614 /* face_detect.cpp */; };
		A35B300D2BEE1DAC00F65614 /* face_pose.cpp in Sources */ = {isa = PBXBuildFile; fileRef = A35B2FAD2BEE1DA900F65614 /* face_pose.cpp */; };
		A35B300E2BEE1DAC00F65614 /* rnet.cpp in Sources */ = {isa = PBXBuildFile; fileRef = A35B2FAE2BEE1DA900F65614 /* rnet.cpp */; };
		A35B300F2BEE1DAC00F65614 /* face_pose.h in Headers */ = {isa = PBXBuildFile; fileRef = A35B2FAF2BEE1DA900F65614 /* face_pose.h */; };
		A35B30102BEE1DAC00F65614 /* rnet.h in Headers */ = {isa = PBXBuildFile; fileRef = A35B2FB02BEE1DA900F65614 /* rnet.h */; };
		A35B30112BEE1DAC00F65614 /* face_detect.h in Headers */ = {isa = PBXBuildFile; fileRef = A35B2FB12BEE1DA900F65614 /* face_detect.h */; };
		A35B30122BEE1DAC00F65614 /* data_type.h in Headers */ = {isa = PBXBuildFile; fileRef = A35B2FB22BEE1DA900F65614 /* data_type.h */; };
		A35B30132BEE1DAC00F65614 /* face_data_type.h in Headers */ = {isa = PBXBuildFile; fileRef = A35B2FB52BEE1DA900F65614 /* face_data_type.h */; };
		A35B30142BEE1DAC00F65614 /* data_tools.h in Headers */ = {isa = PBXBuildFile; fileRef = A35B2FB62BEE1DA900F65614 /* data_tools.h */; };
		A35B30152BEE1DAC00F65614 /* face_object.h in Headers */ = {isa = PBXBuildFile; fileRef = A35B2FB82BEE1DA900F65614 /* face_object.h */; };
		A35B30162BEE1DAC00F65614 /* all.h in Headers */ = {isa = PBXBuildFile; fileRef = A35B2FB92BEE1DA900F65614 /* all.h */; };
		A35B30172BEE1DAC00F65614 /* face_process.h in Headers */ = {isa = PBXBuildFile; fileRef = A35B2FBA2BEE1DA900F65614 /* face_process.h */; };
		A35B30182BEE1DAC00F65614 /* log.h in Headers */ = {isa = PBXBuildFile; fileRef = A35B2FBB2BEE1DA900F65614 /* log.h */; };
		A35B30192BEE1DAC00F65614 /* face_context.cpp in Sources */ = {isa = PBXBuildFile; fileRef = A35B2FBC2BEE1DA900F65614 /* face_context.cpp */; };
		A35B301B2BEE1DAC00F65614 /* face_pipeline.h in Headers */ = {isa = PBXBuildFile; fileRef = A35B2FBF2BEE1DA900F65614 /* face_pipeline.h */; };
		A35B301C2BEE1DAC00F65614 /* mask_predict.cpp in Sources */ = {isa = PBXBuildFile; fileRef = A35B2FC12BEE1DA900F65614 /* mask_predict.cpp */; };
		A35B301D2BEE1DAC00F65614 /* all.h in Headers */ = {isa = PBXBuildFile; fileRef = A35B2FC22BEE1DA900F65614 /* all.h */; };
		A35B301E2BEE1DAC00F65614 /* age_predict.h in Headers */ = {isa = PBXBuildFile; fileRef = A35B2FC32BEE1DA900F65614 /* age_predict.h */; };
		A35B301F2BEE1DAC00F65614 /* mask_predict.h in Headers */ = {isa = PBXBuildFile; fileRef = A35B2FC42BEE1DA900F65614 /* mask_predict.h */; };
		A35B30202BEE1DAC00F65614 /* age_predict.cpp in Sources */ = {isa = PBXBuildFile; fileRef = A35B2FC52BEE1DA900F65614 /* age_predict.cpp */; };
		A35B30212BEE1DAC00F65614 /* gender_predict.cpp in Sources */ = {isa = PBXBuildFile; fileRef = A35B2FC62BEE1DA900F65614 /* gender_predict.cpp */; };
		A35B30222BEE1DAC00F65614 /* gender_predict.h in Headers */ = {isa = PBXBuildFile; fileRef = A35B2FC72BEE1DA900F65614 /* gender_predict.h */; };
		A35B30232BEE1DAC00F65614 /* rgb_anti_spoofing.h in Headers */ = {isa = PBXBuildFile; fileRef = A35B2FC92BEE1DA900F65614 /* rgb_anti_spoofing.h */; };
		A35B30242BEE1DAC00F65614 /* all.h in Headers */ = {isa = PBXBuildFile; fileRef = A35B2FCA2BEE1DA900F65614 /* all.h */; };
		A35B30252BEE1DAC00F65614 /* liveness_interaction.h in Headers */ = {isa = PBXBuildFile; fileRef = A35B2FCB2BEE1DAA00F65614 /* liveness_interaction.h */; };
		A35B30262BEE1DAC00F65614 /* rgb_anti_spoofing.cpp in Sources */ = {isa = PBXBuildFile; fileRef = A35B2FCC2BEE1DAA00F65614 /* rgb_anti_spoofing.cpp */; };
		A35B30272BEE1DAC00F65614 /* liveness_interaction.cpp in Sources */ = {isa = PBXBuildFile; fileRef = A35B2FCD2BEE1DAA00F65614 /* liveness_interaction.cpp */; };
		A35B30282BEE1DAC00F65614 /* face_pipeline.cpp in Sources */ = {isa = PBXBuildFile; fileRef = A35B2FCE2BEE1DAA00F65614 /* face_pipeline.cpp */; };
		A35B30292BEE1DAD00F65614 /* inspireface.cc in Sources */ = {isa = PBXBuildFile; fileRef = A35B2FD02BEE1DAA00F65614 /* inspireface.cc */; };
		A35B302A2BEE1DAD00F65614 /* inspireface.h in Headers */ = {isa = PBXBuildFile; fileRef = A35B2FD12BEE1DAA00F65614 /* inspireface.h */; };
		A35B302B2BEE1DAD00F65614 /* inspireface_internal.h in Headers */ = {isa = PBXBuildFile; fileRef = A35B2FD22BEE1DAA00F65614 /* inspireface_internal.h */; };
		A35B302C2BEE1DAD00F65614 /* intypedef.h in Headers */ = {isa = PBXBuildFile; fileRef = A35B2FD32BEE1DAA00F65614 /* intypedef.h */; };
/* End PBXBuildFile section */

/* Begin PBXContainerItemProxy section */
		A35B2D322BEE146400F65614 /* PBXContainerItemProxy */ = {
			isa = PBXContainerItemProxy;
			containerPortal = A35B2D1D2BEE146400F65614 /* Project object */;
			proxyType = 1;
			remoteGlobalIDString = A35B2D252BEE146400F65614;
			remoteInfo = InspireFace;
		};
/* End PBXContainerItemProxy section */

/* Begin PBXFileReference section */
		A35B2D262BEE146400F65614 /* InspireFace.framework */ = {isa = PBXFileReference; explicitFileType = wrapper.framework; includeInIndex = 0; path = InspireFace.framework; sourceTree = BUILT_PRODUCTS_DIR; };
		A35B2D292BEE146400F65614 /* InspireFace.h */ = {isa = PBXFileReference; lastKnownFileType = sourcecode.c.h; path = InspireFace.h; sourceTree = "<group>"; };
		A35B2D2A2BEE146400F65614 /* InspireFace.docc */ = {isa = PBXFileReference; lastKnownFileType = folder.documentationcatalog; path = InspireFace.docc; sourceTree = "<group>"; };
		A35B2D302BEE146400F65614 /* InspireFaceTests.xctest */ = {isa = PBXFileReference; explicitFileType = wrapper.cfbundle; includeInIndex = 0; path = InspireFaceTests.xctest; sourceTree = BUILT_PRODUCTS_DIR; };
		A35B2D352BEE146400F65614 /* InspireFaceTests.m */ = {isa = PBXFileReference; lastKnownFileType = sourcecode.c.objc; path = InspireFaceTests.m; sourceTree = "<group>"; };
		A35B2D422BEE15AE00F65614 /* opencv2.framework */ = {isa = PBXFileReference; lastKnownFileType = wrapper.framework; path = opencv2.framework; sourceTree = "<group>"; };
		A35B2D442BEE15E800F65614 /* MNN.framework */ = {isa = PBXFileReference; lastKnownFileType = wrapper.framework; path = MNN.framework; sourceTree = "<group>"; };
		A35B2D472BEE164100F65614 /* scanscalar.h */ = {isa = PBXFileReference; fileEncoding = 4; lastKnownFileType = sourcecode.c.h; path = scanscalar.h; sourceTree = "<group>"; };
		A35B2D482BEE164100F65614 /* exceptions.cpp */ = {isa = PBXFileReference; fileEncoding = 4; lastKnownFileType = sourcecode.cpp.cpp; path = exceptions.cpp; sourceTree = "<group>"; };
		A35B2D492BEE164100F65614 /* memory.cpp */ = {isa = PBXFileReference; fileEncoding = 4; lastKnownFileType = sourcecode.cpp.cpp; path = memory.cpp; sourceTree = "<group>"; };
		A35B2D4A2BEE164100F65614 /* scantag.h */ = {isa = PBXFileReference; fileEncoding = 4; lastKnownFileType = sourcecode.c.h; path = scantag.h; sourceTree = "<group>"; };
		A35B2D4B2BEE164100F65614 /* regeximpl.h */ = {isa = PBXFileReference; fileEncoding = 4; lastKnownFileType = sourcecode.c.h; path = regeximpl.h; sourceTree = "<group>"; };
		A35B2D4C2BEE164100F65614 /* ostream_wrapper.cpp */ = {isa = PBXFileReference; fileEncoding = 4; lastKnownFileType = sourcecode.cpp.cpp; path = ostream_wrapper.cpp; sourceTree = "<group>"; };
		A35B2D4D2BEE164100F65614 /* tag.h */ = {isa = PBXFileReference; fileEncoding = 4; lastKnownFileType = sourcecode.c.h; path = tag.h; sourceTree = "<group>"; };
		A35B2D4E2BEE164100F65614 /* emitfromevents.cpp */ = {isa = PBXFileReference; fileEncoding = 4; lastKnownFileType = sourcecode.cpp.cpp; path = emitfromevents.cpp; sourceTree = "<group>"; };
		A35B2D4F2BEE164100F65614 /* simplekey.cpp */ = {isa = PBXFileReference; fileEncoding = 4; lastKnownFileType = sourcecode.cpp.cpp; path = simplekey.cpp; sourceTree = "<group>"; };
		A35B2D502BEE164100F65614 /* parse.cpp */ = {isa = PBXFileReference; fileEncoding = 4; lastKnownFileType = sourcecode.cpp.cpp; path = parse.cpp; sourceTree = "<group>"; };
		A35B2D512BEE164100F65614 /* indentation.h */ = {isa = PBXFileReference; fileEncoding = 4; lastKnownFileType = sourcecode.c.h; path = indentation.h; sourceTree = "<group>"; };
		A35B2D522BEE164100F65614 /* emitter.cpp */ = {isa = PBXFileReference; fileEncoding = 4; lastKnownFileType = sourcecode.cpp.cpp; path = emitter.cpp; sourceTree = "<group>"; };
		A35B2D532BEE164100F65614 /* nodeevents.h */ = {isa = PBXFileReference; fileEncoding = 4; lastKnownFileType = sourcecode.c.h; path = nodeevents.h; sourceTree = "<group>"; };
		A35B2D542BEE164100F65614 /* convert.cpp */ = {isa = PBXFileReference; fileEncoding = 4; lastKnownFileType = sourcecode.cpp.cpp; path = convert.cpp; sourceTree = "<group>"; };
		A35B2D552BEE164100F65614 /* regex_yaml.cpp */ = {isa = PBXFileReference; fileEncoding = 4; lastKnownFileType = sourcecode.cpp.cpp; path = regex_yaml.cpp; sourceTree = "<group>"; };
		A35B2D562BEE164100F65614 /* scanscalar.cpp */ = {isa = PBXFileReference; fileEncoding = 4; lastKnownFileType = sourcecode.cpp.cpp; path = scanscalar.cpp; sourceTree = "<group>"; };
		A35B2D572BEE164100F65614 /* exp.cpp */ = {isa = PBXFileReference; fileEncoding = 4; lastKnownFileType = sourcecode.cpp.cpp; path = exp.cpp; sourceTree = "<group>"; };
		A35B2D582BEE164100F65614 /* null.cpp */ = {isa = PBXFileReference; fileEncoding = 4; lastKnownFileType = sourcecode.cpp.cpp; path = null.cpp; sourceTree = "<group>"; };
		A35B2D592BEE164100F65614 /* node.cpp */ = {isa = PBXFileReference; fileEncoding = 4; lastKnownFileType = sourcecode.cpp.cpp; path = node.cpp; sourceTree = "<group>"; };
		A35B2D5A2BEE164100F65614 /* singledocparser.cpp */ = {isa = PBXFileReference; fileEncoding = 4; lastKnownFileType = sourcecode.cpp.cpp; path = singledocparser.cpp; sourceTree = "<group>"; };
		A35B2D5B2BEE164100F65614 /* emitterutils.h */ = {isa = PBXFileReference; fileEncoding = 4; lastKnownFileType = sourcecode.c.h; path = emitterutils.h; sourceTree = "<group>"; };
		A35B2D5C2BEE164100F65614 /* binary.cpp */ = {isa = PBXFileReference; fileEncoding = 4; lastKnownFileType = sourcecode.cpp.cpp; path = binary.cpp; sourceTree = "<group>"; };
		A35B2D5D2BEE164100F65614 /* stream.h */ = {isa = PBXFileReference; fileEncoding = 4; lastKnownFileType = sourcecode.c.h; path = stream.h; sourceTree = "<group>"; };
		A35B2D5E2BEE164100F65614 /* nodeevents.cpp */ = {isa = PBXFileReference; fileEncoding = 4; lastKnownFileType = sourcecode.cpp.cpp; path = nodeevents.cpp; sourceTree = "<group>"; };
		A35B2D602BEE164100F65614 /* yaml-cpp.natvis */ = {isa = PBXFileReference; fileEncoding = 4; lastKnownFileType = text.xml; path = "yaml-cpp.natvis"; sourceTree = "<group>"; };
		A35B2D612BEE164100F65614 /* graphbuilderadapter.cpp */ = {isa = PBXFileReference; fileEncoding = 4; lastKnownFileType = sourcecode.cpp.cpp; path = graphbuilderadapter.cpp; sourceTree = "<group>"; };
		A35B2D622BEE164100F65614 /* yaml-cpp.natvis.md */ = {isa = PBXFileReference; fileEncoding = 4; lastKnownFileType = net.daringfireball.markdown; path = "yaml-cpp.natvis.md"; sourceTree = "<group>"; };
		A35B2D632BEE164100F65614 /* graphbuilder.cpp */ = {isa = PBXFileReference; fileEncoding = 4; lastKnownFileType = sourcecode.cpp.cpp; path = graphbuilder.cpp; sourceTree = "<group>"; };
		A35B2D642BEE164100F65614 /* graphbuilderadapter.h */ = {isa = PBXFileReference; fileEncoding = 4; lastKnownFileType = sourcecode.c.h; path = graphbuilderadapter.h; sourceTree = "<group>"; };
		A35B2D652BEE164100F65614 /* nodebuilder.h */ = {isa = PBXFileReference; fileEncoding = 4; lastKnownFileType = sourcecode.c.h; path = nodebuilder.h; sourceTree = "<group>"; };
		A35B2D662BEE164100F65614 /* scanner.cpp */ = {isa = PBXFileReference; fileEncoding = 4; lastKnownFileType = sourcecode.cpp.cpp; path = scanner.cpp; sourceTree = "<group>"; };
		A35B2D672BEE164100F65614 /* emit.cpp */ = {isa = PBXFileReference; fileEncoding = 4; lastKnownFileType = sourcecode.cpp.cpp; path = emit.cpp; sourceTree = "<group>"; };
		A35B2D682BEE164100F65614 /* tag.cpp */ = {isa = PBXFileReference; fileEncoding = 4; lastKnownFileType = sourcecode.cpp.cpp; path = tag.cpp; sourceTree = "<group>"; };
		A35B2D692BEE164100F65614 /* streamcharsource.h */ = {isa = PBXFileReference; fileEncoding = 4; lastKnownFileType = sourcecode.c.h; path = streamcharsource.h; sourceTree = "<group>"; };
		A35B2D6A2BEE164100F65614 /* stringsource.h */ = {isa = PBXFileReference; fileEncoding = 4; lastKnownFileType = sourcecode.c.h; path = stringsource.h; sourceTree = "<group>"; };
		A35B2D6B2BEE164100F65614 /* emitterutils.cpp */ = {isa = PBXFileReference; fileEncoding = 4; lastKnownFileType = sourcecode.cpp.cpp; path = emitterutils.cpp; sourceTree = "<group>"; };
		A35B2D6C2BEE164100F65614 /* scanner.h */ = {isa = PBXFileReference; fileEncoding = 4; lastKnownFileType = sourcecode.c.h; path = scanner.h; sourceTree = "<group>"; };
		A35B2D6D2BEE164100F65614 /* stream.cpp */ = {isa = PBXFileReference; fileEncoding = 4; lastKnownFileType = sourcecode.cpp.cpp; path = stream.cpp; sourceTree = "<group>"; };
		A35B2D6E2BEE164100F65614 /* scantag.cpp */ = {isa = PBXFileReference; fileEncoding = 4; lastKnownFileType = sourcecode.cpp.cpp; path = scantag.cpp; sourceTree = "<group>"; };
		A35B2D6F2BEE164100F65614 /* scantoken.cpp */ = {isa = PBXFileReference; fileEncoding = 4; lastKnownFileType = sourcecode.cpp.cpp; path = scantoken.cpp; sourceTree = "<group>"; };
		A35B2D702BEE164100F65614 /* emitterstate.h */ = {isa = PBXFileReference; fileEncoding = 4; lastKnownFileType = sourcecode.c.h; path = emitterstate.h; sourceTree = "<group>"; };
		A35B2D712BEE164100F65614 /* nodebuilder.cpp */ = {isa = PBXFileReference; fileEncoding = 4; lastKnownFileType = sourcecode.cpp.cpp; path = nodebuilder.cpp; sourceTree = "<group>"; };
		A35B2D722BEE164100F65614 /* collectionstack.h */ = {isa = PBXFileReference; fileEncoding = 4; lastKnownFileType = sourcecode.c.h; path = collectionstack.h; sourceTree = "<group>"; };
		A35B2D732BEE164100F65614 /* directives.cpp */ = {isa = PBXFileReference; fileEncoding = 4; lastKnownFileType = sourcecode.cpp.cpp; path = directives.cpp; sourceTree = "<group>"; };
		A35B2D742BEE164100F65614 /* ptr_vector.h */ = {isa = PBXFileReference; fileEncoding = 4; lastKnownFileType = sourcecode.c.h; path = ptr_vector.h; sourceTree = "<group>"; };
		A35B2D752BEE164100F65614 /* singledocparser.h */ = {isa = PBXFileReference; fileEncoding = 4; lastKnownFileType = sourcecode.c.h; path = singledocparser.h; sourceTree = "<group>"; };
		A35B2D762BEE164100F65614 /* exp.h */ = {isa = PBXFileReference; fileEncoding = 4; lastKnownFileType = sourcecode.c.h; path = exp.h; sourceTree = "<group>"; };
		A35B2D772BEE164100F65614 /* token.h */ = {isa = PBXFileReference; fileEncoding = 4; lastKnownFileType = sourcecode.c.h; path = token.h; sourceTree = "<group>"; };
		A35B2D782BEE164100F65614 /* regex_yaml.h */ = {isa = PBXFileReference; fileEncoding = 4; lastKnownFileType = sourcecode.c.h; path = regex_yaml.h; sourceTree = "<group>"; };
		A35B2D792BEE164100F65614 /* node_data.cpp */ = {isa = PBXFileReference; fileEncoding = 4; lastKnownFileType = sourcecode.cpp.cpp; path = node_data.cpp; sourceTree = "<group>"; };
		A35B2D7A2BEE164100F65614 /* emitterstate.cpp */ = {isa = PBXFileReference; fileEncoding = 4; lastKnownFileType = sourcecode.cpp.cpp; path = emitterstate.cpp; sourceTree = "<group>"; };
		A35B2D7B2BEE164100F65614 /* parser.cpp */ = {isa = PBXFileReference; fileEncoding = 4; lastKnownFileType = sourcecode.cpp.cpp; path = parser.cpp; sourceTree = "<group>"; };
		A35B2D7C2BEE164100F65614 /* setting.h */ = {isa = PBXFileReference; fileEncoding = 4; lastKnownFileType = sourcecode.c.h; path = setting.h; sourceTree = "<group>"; };
		A35B2D7D2BEE164100F65614 /* directives.h */ = {isa = PBXFileReference; fileEncoding = 4; lastKnownFileType = sourcecode.c.h; path = directives.h; sourceTree = "<group>"; };
		A35B2DB42BEE16B600F65614 /* sqlite3.c */ = {isa = PBXFileReference; fileEncoding = 4; lastKnownFileType = sourcecode.c.c; name = sqlite3.c; path = "../../../3rdparty/inspireface-precompile/sqlite/sqlite3.c"; sourceTree = "<group>"; };
		A35B2F632BEE1DA800F65614 /* camera_stream.h */ = {isa = PBXFileReference; fileEncoding = 4; lastKnownFileType = sourcecode.c.h; path = camera_stream.h; sourceTree = "<group>"; };
		A35B2F642BEE1DA800F65614 /* utils.h */ = {isa = PBXFileReference; fileEncoding = 4; lastKnownFileType = sourcecode.c.h; path = utils.h; sourceTree = "<group>"; };
		A35B2F652BEE1DA800F65614 /* configurable.h */ = {isa = PBXFileReference; fileEncoding = 4; lastKnownFileType = sourcecode.c.h; path = configurable.h; sourceTree = "<group>"; };
		A35B2F662BEE1DA800F65614 /* costman.h */ = {isa = PBXFileReference; fileEncoding = 4; lastKnownFileType = sourcecode.c.h; path = costman.h; sourceTree = "<group>"; };
		A35B2F672BEE1DA800F65614 /* any_net.h */ = {isa = PBXFileReference; fileEncoding = 4; lastKnownFileType = sourcecode.c.h; path = any_net.h; sourceTree = "<group>"; };
		A35B2F692BEE1DA800F65614 /* sample_archive.h */ = {isa = PBXFileReference; fileEncoding = 4; lastKnownFileType = sourcecode.c.h; path = sample_archive.h; sourceTree = "<group>"; };
		A35B2F6A2BEE1DA800F65614 /* inspire_archive.h */ = {isa = PBXFileReference; fileEncoding = 4; lastKnownFileType = sourcecode.c.h; path = inspire_archive.h; sourceTree = "<group>"; };
		A35B2F6C2BEE1DA800F65614 /* microtar.c */ = {isa = PBXFileReference; fileEncoding = 4; lastKnownFileType = sourcecode.c.c; path = microtar.c; sourceTree = "<group>"; };
		A35B2F6D2BEE1DA800F65614 /* microtar.h */ = {isa = PBXFileReference; fileEncoding = 4; lastKnownFileType = sourcecode.c.h; path = microtar.h; sourceTree = "<group>"; };
		A35B2F6F2BEE1DA800F65614 /* inspire_model.h */ = {isa = PBXFileReference; fileEncoding = 4; lastKnownFileType = sourcecode.c.h; path = inspire_model.h; sourceTree = "<group>"; };
		A35B2F702BEE1DA800F65614 /* configurable.cpp */ = {isa = PBXFileReference; fileEncoding = 4; lastKnownFileType = sourcecode.cpp.cpp; path = configurable.cpp; sourceTree = "<group>"; };
		A35B2F722BEE1DA800F65614 /* json.hpp */ = {isa = PBXFileReference; fileEncoding = 4; lastKnownFileType = sourcecode.cpp.h; path = json.hpp; sourceTree = "<group>"; };
		A35B2F742BEE1DA800F65614 /* inference_helper_rknn_adapter.cpp */ = {isa = PBXFileReference; fileEncoding = 4; lastKnownFileType = sourcecode.cpp.cpp; path = inference_helper_rknn_adapter.cpp; sourceTree = "<group>"; };
		A35B2F752BEE1DA800F65614 /* inference_helper_log.h */ = {isa = PBXFileReference; fileEncoding = 4; lastKnownFileType = sourcecode.c.h; path = inference_helper_log.h; sourceTree = "<group>"; };
		A35B2F762BEE1DA800F65614 /* inference_helper_rknn.cpp */ = {isa = PBXFileReference; fileEncoding = 4; lastKnownFileType = sourcecode.cpp.cpp; path = inference_helper_rknn.cpp; sourceTree = "<group>"; };
		A35B2F772BEE1DA800F65614 /* inference_helper.cpp */ = {isa = PBXFileReference; fileEncoding = 4; lastKnownFileType = sourcecode.cpp.cpp; path = inference_helper.cpp; sourceTree = "<group>"; };
		A35B2F782BEE1DA800F65614 /* inference_helper_mnn.cpp */ = {isa = PBXFileReference; fileEncoding = 4; lastKnownFileType = sourcecode.cpp.cpp; path = inference_helper_mnn.cpp; sourceTree = "<group>"; };
		A35B2F792BEE1DA800F65614 /* inference_helper_rknn_adapter.h */ = {isa = PBXFileReference; fileEncoding = 4; lastKnownFileType = sourcecode.c.h; path = inference_helper_rknn_adapter.h; sourceTree = "<group>"; };
		A35B2F7A2BEE1DA800F65614 /* inference_helper.h */ = {isa = PBXFileReference; fileEncoding = 4; lastKnownFileType = sourcecode.c.h; path = inference_helper.h; sourceTree = "<group>"; };
		A35B2F7B2BEE1DA800F65614 /* inference_helper_mnn.h */ = {isa = PBXFileReference; fileEncoding = 4; lastKnownFileType = sourcecode.c.h; path = inference_helper_mnn.h; sourceTree = "<group>"; };
		A35B2F7D2BEE1DA800F65614 /* rknn_adapter.h */ = {isa = PBXFileReference; fileEncoding = 4; lastKnownFileType = sourcecode.c.h; path = rknn_adapter.h; sourceTree = "<group>"; };
		A35B2F7E2BEE1DA800F65614 /* inference_helper_rknn.h */ = {isa = PBXFileReference; fileEncoding = 4; lastKnownFileType = sourcecode.c.h; path = inference_helper_rknn.h; sourceTree = "<group>"; };
		A35B2F802BEE1DA800F65614 /* face_feature_extraction.h */ = {isa = PBXFileReference; fileEncoding = 4; lastKnownFileType = sourcecode.c.h; path = face_feature_extraction.h; sourceTree = "<group>"; };
		A35B2F822BEE1DA900F65614 /* alignment.h */ = {isa = PBXFileReference; fileEncoding = 4; lastKnownFileType = sourcecode.c.h; path = alignment.h; sourceTree = "<group>"; };
		A35B2F832BEE1DA900F65614 /* extract.h */ = {isa = PBXFileReference; fileEncoding = 4; lastKnownFileType = sourcecode.c.h; path = extract.h; sourceTree = "<group>"; };
		A35B2F842BEE1DA900F65614 /* extract.cpp */ = {isa = PBXFileReference; fileEncoding = 4; lastKnownFileType = sourcecode.cpp.cpp; path = extract.cpp; sourceTree = "<group>"; };
		A35B2F852BEE1DA900F65614 /* face_feature_extraction.cpp */ = {isa = PBXFileReference; fileEncoding = 4; lastKnownFileType = sourcecode.cpp.cpp; path = face_feature_extraction.cpp; sourceTree = "<group>"; };
		A35B2F862BEE1DA900F65614 /* log.cpp */ = {isa = PBXFileReference; fileEncoding = 4; lastKnownFileType = sourcecode.cpp.cpp; path = log.cpp; sourceTree = "<group>"; };
		A35B2F882BEE1DA900F65614 /* launch.cpp */ = {isa = PBXFileReference; fileEncoding = 4; lastKnownFileType = sourcecode.cpp.cpp; path = launch.cpp; sourceTree = "<group>"; };
		A35B2F892BEE1DA900F65614 /* launch.h */ = {isa = PBXFileReference; fileEncoding = 4; lastKnownFileType = sourcecode.c.h; path = launch.h; sourceTree = "<group>"; };
		A35B2F8B2BEE1DA900F65614 /* information.h */ = {isa = PBXFileReference; fileEncoding = 4; lastKnownFileType = sourcecode.c.h; path = information.h; sourceTree = "<group>"; };
		A35B2F8C2BEE1DA900F65614 /* herror.h */ = {isa = PBXFileReference; fileEncoding = 4; lastKnownFileType = sourcecode.c.h; path = herror.h; sourceTree = "<group>"; };
		A35B2F902BEE1DA900F65614 /* feature_block.h */ = {isa = PBXFileReference; fileEncoding = 4; lastKnownFileType = sourcecode.c.h; path = feature_block.h; sourceTree = "<group>"; };
		A35B2F922BEE1DA900F65614 /* feature_block_none.h */ = {isa = PBXFileReference; fileEncoding = 4; lastKnownFileType = sourcecode.c.h; path = feature_block_none.h; sourceTree = "<group>"; };
		A35B2F932BEE1DA900F65614 /* feature_block_none.cpp */ = {isa = PBXFileReference; fileEncoding = 4; lastKnownFileType = sourcecode.cpp.cpp; path = feature_block_none.cpp; sourceTree = "<group>"; };
		A35B2F942BEE1DA900F65614 /* feature_block_opencv.cpp */ = {isa = PBXFileReference; fileEncoding = 4; lastKnownFileType = sourcecode.cpp.cpp; path = feature_block_opencv.cpp; sourceTree = "<group>"; };
		A35B2F952BEE1DA900F65614 /* feature_block_opencv.h */ = {isa = PBXFileReference; fileEncoding = 4; lastKnownFileType = sourcecode.c.h; path = feature_block_opencv.h; sourceTree = "<group>"; };
		A35B2F962BEE1DA900F65614 /* feature_block.cpp */ = {isa = PBXFileReference; fileEncoding = 4; lastKnownFileType = sourcecode.cpp.cpp; path = feature_block.cpp; sourceTree = "<group>"; };
		A35B2F972BEE1DA900F65614 /* feature_hub.h */ = {isa = PBXFileReference; fileEncoding = 4; lastKnownFileType = sourcecode.c.h; path = feature_hub.h; sourceTree = "<group>"; };
		A35B2F982BEE1DA900F65614 /* simd.h */ = {isa = PBXFileReference; fileEncoding = 4; lastKnownFileType = sourcecode.c.h; path = simd.h; sourceTree = "<group>"; };
		A35B2F9A2BEE1DA900F65614 /* sqlite_faces_manage.h */ = {isa = PBXFileReference; fileEncoding = 4; lastKnownFileType = sourcecode.c.h; path = sqlite_faces_manage.h; sourceTree = "<group>"; };
		A35B2F9B2BEE1DA900F65614 /* sqlite_faces_manage.cpp */ = {isa = PBXFileReference; fileEncoding = 4; lastKnownFileType = sourcecode.cpp.cpp; path = sqlite_faces_manage.cpp; sourceTree = "<group>"; };
		A35B2F9C2BEE1DA900F65614 /* feature_hub.cpp */ = {isa = PBXFileReference; fileEncoding = 4; lastKnownFileType = sourcecode.cpp.cpp; path = feature_hub.cpp; sourceTree = "<group>"; };
		A35B2F9D2BEE1DA900F65614 /* face_context.h */ = {isa = PBXFileReference; fileEncoding = 4; lastKnownFileType = sourcecode.c.h; path = face_context.h; sourceTree = "<group>"; };
		A35B2FA12BEE1DA900F65614 /* all.h */ = {isa = PBXFileReference; fileEncoding = 4; lastKnownFileType = sourcecode.c.h; path = all.h; sourceTree = "<group>"; };
		A35B2FA22BEE1DA900F65614 /* face_landmark.h */ = {isa = PBXFileReference; fileEncoding = 4; lastKnownFileType = sourcecode.c.h; path = face_landmark.h; sourceTree = "<group>"; };
		A35B2FA32BEE1DA900F65614 /* face_landmark.cpp */ = {isa = PBXFileReference; fileEncoding = 4; lastKnownFileType = sourcecode.cpp.cpp; path = face_landmark.cpp; sourceTree = "<group>"; };
		A35B2FA42BEE1DA900F65614 /* mean_shape.h */ = {isa = PBXFileReference; fileEncoding = 4; lastKnownFileType = sourcecode.c.h; path = mean_shape.h; sourceTree = "<group>"; };
		A35B2FA62BEE1DA900F65614 /* face_pose_quality.h */ = {isa = PBXFileReference; fileEncoding = 4; lastKnownFileType = sourcecode.c.h; path = face_pose_quality.h; sourceTree = "<group>"; };
		A35B2FA72BEE1DA900F65614 /* face_pose_quality.cpp */ = {isa = PBXFileReference; fileEncoding = 4; lastKnownFileType = sourcecode.cpp.cpp; path = face_pose_quality.cpp; sourceTree = "<group>"; };
		A35B2FA82BEE1DA900F65614 /* face_track.cpp */ = {isa = PBXFileReference; fileEncoding = 4; lastKnownFileType = sourcecode.cpp.cpp; path = face_track.cpp; sourceTree = "<group>"; };
		A35B2FA92BEE1DA900F65614 /* face_track.h */ = {isa = PBXFileReference; fileEncoding = 4; lastKnownFileType = sourcecode.c.h; path = face_track.h; sourceTree = "<group>"; };
		A35B2FAB2BEE1DA900F65614 /* all.h */ = {isa = PBXFileReference; fileEncoding = 4; lastKnownFileType = sourcecode.c.h; path = all.h; sourceTree = "<group>"; };
		A35B2FAC2BEE1DA900F65614 /* face_detect.cpp */ = {isa = PBXFileReference; fileEncoding = 4; lastKnownFileType = sourcecode.cpp.cpp; path = face_detect.cpp; sourceTree = "<group>"; };
		A35B2FAD2BEE1DA900F65614 /* face_pose.cpp */ = {isa = PBXFileReference; fileEncoding = 4; lastKnownFileType = sourcecode.cpp.cpp; path = face_pose.cpp; sourceTree = "<group>"; };
		A35B2FAE2BEE1DA900F65614 /* rnet.cpp */ = {isa = PBXFileReference; fileEncoding = 4; lastKnownFileType = sourcecode.cpp.cpp; path = rnet.cpp; sourceTree = "<group>"; };
		A35B2FAF2BEE1DA900F65614 /* face_pose.h */ = {isa = PBXFileReference; fileEncoding = 4; lastKnownFileType = sourcecode.c.h; path = face_pose.h; sourceTree = "<group>"; };
		A35B2FB02BEE1DA900F65614 /* rnet.h */ = {isa = PBXFileReference; fileEncoding = 4; lastKnownFileType = sourcecode.c.h; path = rnet.h; sourceTree = "<group>"; };
		A35B2FB12BEE1DA900F65614 /* face_detect.h */ = {isa = PBXFileReference; fileEncoding = 4; lastKnownFileType = sourcecode.c.h; path = face_detect.h; sourceTree = "<group>"; };
		A35B2FB22BEE1DA900F65614 /* data_type.h */ = {isa = PBXFileReference; fileEncoding = 4; lastKnownFileType = sourcecode.c.h; path = data_type.h; sourceTree = "<group>"; };
		A35B2FB52BEE1DA900F65614 /* face_data_type.h */ = {isa = PBXFileReference; fileEncoding = 4; lastKnownFileType = sourcecode.c.h; path = face_data_type.h; sourceTree = "<group>"; };
		A35B2FB62BEE1DA900F65614 /* data_tools.h */ = {isa = PBXFileReference; fileEncoding = 4; lastKnownFileType = sourcecode.c.h; path = data_tools.h; sourceTree = "<group>"; };
		A35B2FB82BEE1DA900F65614 /* face_object.h */ = {isa = PBXFileReference; fileEncoding = 4; lastKnownFileType = sourcecode.c.h; path = face_object.h; sourceTree = "<group>"; };
		A35B2FB92BEE1DA900F65614 /* all.h */ = {isa = PBXFileReference; fileEncoding = 4; lastKnownFileType = sourcecode.c.h; path = all.h; sourceTree = "<group>"; };
		A35B2FBA2BEE1DA900F65614 /* face_process.h */ = {isa = PBXFileReference; fileEncoding = 4; lastKnownFileType = sourcecode.c.h; path = face_process.h; sourceTree = "<group>"; };
		A35B2FBB2BEE1DA900F65614 /* log.h */ = {isa = PBXFileReference; fileEncoding = 4; lastKnownFileType = sourcecode.c.h; path = log.h; sourceTree = "<group>"; };
		A35B2FBC2BEE1DA900F65614 /* face_context.cpp */ = {isa = PBXFileReference; fileEncoding = 4; lastKnownFileType = sourcecode.cpp.cpp; path = face_context.cpp; sourceTree = "<group>"; };
		A35B2FBF2BEE1DA900F65614 /* face_pipeline.h */ = {isa = PBXFileReference; fileEncoding = 4; lastKnownFileType = sourcecode.c.h; path = face_pipeline.h; sourceTree = "<group>"; };
		A35B2FC12BEE1DA900F65614 /* mask_predict.cpp */ = {isa = PBXFileReference; fileEncoding = 4; lastKnownFileType = sourcecode.cpp.cpp; path = mask_predict.cpp; sourceTree = "<group>"; };
		A35B2FC22BEE1DA900F65614 /* all.h */ = {isa = PBXFileReference; fileEncoding = 4; lastKnownFileType = sourcecode.c.h; path = all.h; sourceTree = "<group>"; };
		A35B2FC32BEE1DA900F65614 /* age_predict.h */ = {isa = PBXFileReference; fileEncoding = 4; lastKnownFileType = sourcecode.c.h; path = age_predict.h; sourceTree = "<group>"; };
		A35B2FC42BEE1DA900F65614 /* mask_predict.h */ = {isa = PBXFileReference; fileEncoding = 4; lastKnownFileType = sourcecode.c.h; path = mask_predict.h; sourceTree = "<group>"; };
		A35B2FC52BEE1DA900F65614 /* age_predict.cpp */ = {isa = PBXFileReference; fileEncoding = 4; lastKnownFileType = sourcecode.cpp.cpp; path = age_predict.cpp; sourceTree = "<group>"; };
		A35B2FC62BEE1DA900F65614 /* gender_predict.cpp */ = {isa = PBXFileReference; fileEncoding = 4; lastKnownFileType = sourcecode.cpp.cpp; path = gender_predict.cpp; sourceTree = "<group>"; };
		A35B2FC72BEE1DA900F65614 /* gender_predict.h */ = {isa = PBXFileReference; fileEncoding = 4; lastKnownFileType = sourcecode.c.h; path = gender_predict.h; sourceTree = "<group>"; };
		A35B2FC92BEE1DA900F65614 /* rgb_anti_spoofing.h */ = {isa = PBXFileReference; fileEncoding = 4; lastKnownFileType = sourcecode.c.h; path = rgb_anti_spoofing.h; sourceTree = "<group>"; };
		A35B2FCA2BEE1DA900F65614 /* all.h */ = {isa = PBXFileReference; fileEncoding = 4; lastKnownFileType = sourcecode.c.h; path = all.h; sourceTree = "<group>"; };
		A35B2FCB2BEE1DAA00F65614 /* liveness_interaction.h */ = {isa = PBXFileReference; fileEncoding = 4; lastKnownFileType = sourcecode.c.h; path = liveness_interaction.h; sourceTree = "<group>"; };
		A35B2FCC2BEE1DAA00F65614 /* rgb_anti_spoofing.cpp */ = {isa = PBXFileReference; fileEncoding = 4; lastKnownFileType = sourcecode.cpp.cpp; path = rgb_anti_spoofing.cpp; sourceTree = "<group>"; };
		A35B2FCD2BEE1DAA00F65614 /* liveness_interaction.cpp */ = {isa = PBXFileReference; fileEncoding = 4; lastKnownFileType = sourcecode.cpp.cpp; path = liveness_interaction.cpp; sourceTree = "<group>"; };
		A35B2FCE2BEE1DAA00F65614 /* face_pipeline.cpp */ = {isa = PBXFileReference; fileEncoding = 4; lastKnownFileType = sourcecode.cpp.cpp; path = face_pipeline.cpp; sourceTree = "<group>"; };
		A35B2FD02BEE1DAA00F65614 /* inspireface.cc */ = {isa = PBXFileReference; fileEncoding = 4; lastKnownFileType = sourcecode.cpp.cpp; path = inspireface.cc; sourceTree = "<group>"; };
		A35B2FD12BEE1DAA00F65614 /* inspireface.h */ = {isa = PBXFileReference; fileEncoding = 4; lastKnownFileType = sourcecode.c.h; path = inspireface.h; sourceTree = "<group>"; };
		A35B2FD22BEE1DAA00F65614 /* inspireface_internal.h */ = {isa = PBXFileReference; fileEncoding = 4; lastKnownFileType = sourcecode.c.h; path = inspireface_internal.h; sourceTree = "<group>"; };
		A35B2FD32BEE1DAA00F65614 /* intypedef.h */ = {isa = PBXFileReference; fileEncoding = 4; lastKnownFileType = sourcecode.c.h; path = intypedef.h; sourceTree = "<group>"; };
/* End PBXFileReference section */

/* Begin PBXFrameworksBuildPhase section */
		A35B2D232BEE146400F65614 /* Frameworks */ = {
			isa = PBXFrameworksBuildPhase;
			buildActionMask = 2147483647;
			files = (
				A35B2D452BEE15E900F65614 /* MNN.framework in Frameworks */,
				A35B2D432BEE15AE00F65614 /* opencv2.framework in Frameworks */,
			);
			runOnlyForDeploymentPostprocessing = 0;
		};
		A35B2D2D2BEE146400F65614 /* Frameworks */ = {
			isa = PBXFrameworksBuildPhase;
			buildActionMask = 2147483647;
			files = (
				A35B2D312BEE146400F65614 /* InspireFace.framework in Frameworks */,
			);
			runOnlyForDeploymentPostprocessing = 0;
		};
/* End PBXFrameworksBuildPhase section */

/* Begin PBXGroup section */
		A35B2D1C2BEE146400F65614 = {
			isa = PBXGroup;
			children = (
				A35B2F602BEE1DA800F65614 /* inspireface */,
				A35B2DB42BEE16B600F65614 /* sqlite3.c */,
				A35B2D462BEE164100F65614 /* src */,
				A35B2D442BEE15E800F65614 /* MNN.framework */,
				A35B2D422BEE15AE00F65614 /* opencv2.framework */,
				A35B2D282BEE146400F65614 /* InspireFace */,
				A35B2D342BEE146400F65614 /* InspireFaceTests */,
				A35B2D272BEE146400F65614 /* Products */,
			);
			sourceTree = "<group>";
		};
		A35B2D272BEE146400F65614 /* Products */ = {
			isa = PBXGroup;
			children = (
				A35B2D262BEE146400F65614 /* InspireFace.framework */,
				A35B2D302BEE146400F65614 /* InspireFaceTests.xctest */,
			);
			name = Products;
			sourceTree = "<group>";
		};
		A35B2D282BEE146400F65614 /* InspireFace */ = {
			isa = PBXGroup;
			children = (
				A35B2D292BEE146400F65614 /* InspireFace.h */,
				A35B2D2A2BEE146400F65614 /* InspireFace.docc */,
			);
			path = InspireFace;
			sourceTree = "<group>";
		};
		A35B2D342BEE146400F65614 /* InspireFaceTests */ = {
			isa = PBXGroup;
			children = (
				A35B2D352BEE146400F65614 /* InspireFaceTests.m */,
			);
			path = InspireFaceTests;
			sourceTree = "<group>";
		};
		A35B2D462BEE164100F65614 /* src */ = {
			isa = PBXGroup;
			children = (
				A35B2D472BEE164100F65614 /* scanscalar.h */,
				A35B2D482BEE164100F65614 /* exceptions.cpp */,
				A35B2D492BEE164100F65614 /* memory.cpp */,
				A35B2D4A2BEE164100F65614 /* scantag.h */,
				A35B2D4B2BEE164100F65614 /* regeximpl.h */,
				A35B2D4C2BEE164100F65614 /* ostream_wrapper.cpp */,
				A35B2D4D2BEE164100F65614 /* tag.h */,
				A35B2D4E2BEE164100F65614 /* emitfromevents.cpp */,
				A35B2D4F2BEE164100F65614 /* simplekey.cpp */,
				A35B2D502BEE164100F65614 /* parse.cpp */,
				A35B2D512BEE164100F65614 /* indentation.h */,
				A35B2D522BEE164100F65614 /* emitter.cpp */,
				A35B2D532BEE164100F65614 /* nodeevents.h */,
				A35B2D542BEE164100F65614 /* convert.cpp */,
				A35B2D552BEE164100F65614 /* regex_yaml.cpp */,
				A35B2D562BEE164100F65614 /* scanscalar.cpp */,
				A35B2D572BEE164100F65614 /* exp.cpp */,
				A35B2D582BEE164100F65614 /* null.cpp */,
				A35B2D592BEE164100F65614 /* node.cpp */,
				A35B2D5A2BEE164100F65614 /* singledocparser.cpp */,
				A35B2D5B2BEE164100F65614 /* emitterutils.h */,
				A35B2D5C2BEE164100F65614 /* binary.cpp */,
				A35B2D5D2BEE164100F65614 /* stream.h */,
				A35B2D5E2BEE164100F65614 /* nodeevents.cpp */,
				A35B2D5F2BEE164100F65614 /* contrib */,
				A35B2D652BEE164100F65614 /* nodebuilder.h */,
				A35B2D662BEE164100F65614 /* scanner.cpp */,
				A35B2D672BEE164100F65614 /* emit.cpp */,
				A35B2D682BEE164100F65614 /* tag.cpp */,
				A35B2D692BEE164100F65614 /* streamcharsource.h */,
				A35B2D6A2BEE164100F65614 /* stringsource.h */,
				A35B2D6B2BEE164100F65614 /* emitterutils.cpp */,
				A35B2D6C2BEE164100F65614 /* scanner.h */,
				A35B2D6D2BEE164100F65614 /* stream.cpp */,
				A35B2D6E2BEE164100F65614 /* scantag.cpp */,
				A35B2D6F2BEE164100F65614 /* scantoken.cpp */,
				A35B2D702BEE164100F65614 /* emitterstate.h */,
				A35B2D712BEE164100F65614 /* nodebuilder.cpp */,
				A35B2D722BEE164100F65614 /* collectionstack.h */,
				A35B2D732BEE164100F65614 /* directives.cpp */,
				A35B2D742BEE164100F65614 /* ptr_vector.h */,
				A35B2D752BEE164100F65614 /* singledocparser.h */,
				A35B2D762BEE164100F65614 /* exp.h */,
				A35B2D772BEE164100F65614 /* token.h */,
				A35B2D782BEE164100F65614 /* regex_yaml.h */,
				A35B2D792BEE164100F65614 /* node_data.cpp */,
				A35B2D7A2BEE164100F65614 /* emitterstate.cpp */,
				A35B2D7B2BEE164100F65614 /* parser.cpp */,
				A35B2D7C2BEE164100F65614 /* setting.h */,
				A35B2D7D2BEE164100F65614 /* directives.h */,
			);
			name = src;
			path = "../../../3rdparty/yaml-cpp/src";
			sourceTree = "<group>";
		};
		A35B2D5F2BEE164100F65614 /* contrib */ = {
			isa = PBXGroup;
			children = (
				A35B2D602BEE164100F65614 /* yaml-cpp.natvis */,
				A35B2D612BEE164100F65614 /* graphbuilderadapter.cpp */,
				A35B2D622BEE164100F65614 /* yaml-cpp.natvis.md */,
				A35B2D632BEE164100F65614 /* graphbuilder.cpp */,
				A35B2D642BEE164100F65614 /* graphbuilderadapter.h */,
			);
			path = contrib;
			sourceTree = "<group>";
		};
		A35B2F602BEE1DA800F65614 /* inspireface */ = {
			isa = PBXGroup;
			children = (
				A35B2F612BEE1DA800F65614 /* middleware */,
				A35B2F7F2BEE1DA800F65614 /* recognition_module */,
				A35B2F862BEE1DA900F65614 /* log.cpp */,
				A35B2F872BEE1DA900F65614 /* Initialization_module */,
				A35B2F8B2BEE1DA900F65614 /* information.h */,
				A35B2F8C2BEE1DA900F65614 /* herror.h */,
				A35B2F8E2BEE1DA900F65614 /* feature_hub */,
				A35B2F9D2BEE1DA900F65614 /* face_context.h */,
				A35B2F9F2BEE1DA900F65614 /* track_module */,
				A35B2FB22BEE1DA900F65614 /* data_type.h */,
				A35B2FB32BEE1DA900F65614 /* common */,
				A35B2FBB2BEE1DA900F65614 /* log.h */,
				A35B2FBC2BEE1DA900F65614 /* face_context.cpp */,
				A35B2FBE2BEE1DA900F65614 /* pipeline_module */,
				A35B2FCF2BEE1DAA00F65614 /* c_api */,
			);
			name = inspireface;
			path = ../../../cpp/inspireface;
			sourceTree = "<group>";
		};
		A35B2F612BEE1DA800F65614 /* middleware */ = {
			isa = PBXGroup;
			children = (
				A35B2F622BEE1DA800F65614 /* camera_stream */,
				A35B2F642BEE1DA800F65614 /* utils.h */,
				A35B2F652BEE1DA800F65614 /* configurable.h */,
				A35B2F662BEE1DA800F65614 /* costman.h */,
				A35B2F672BEE1DA800F65614 /* any_net.h */,
				A35B2F682BEE1DA800F65614 /* model_archive */,
				A35B2F702BEE1DA800F65614 /* configurable.cpp */,
				A35B2F712BEE1DA800F65614 /* nlohmann */,
				A35B2F732BEE1DA800F65614 /* inference_helper */,
			);
			path = middleware;
			sourceTree = "<group>";
		};
		A35B2F622BEE1DA800F65614 /* camera_stream */ = {
			isa = PBXGroup;
			children = (
				A35B2F632BEE1DA800F65614 /* camera_stream.h */,
			);
			path = camera_stream;
			sourceTree = "<group>";
		};
		A35B2F682BEE1DA800F65614 /* model_archive */ = {
			isa = PBXGroup;
			children = (
				A35B2F692BEE1DA800F65614 /* sample_archive.h */,
				A35B2F6A2BEE1DA800F65614 /* inspire_archive.h */,
				A35B2F6B2BEE1DA800F65614 /* microtar */,
				A35B2F6E2BEE1DA800F65614 /* inspire_model */,
			);
			path = model_archive;
			sourceTree = "<group>";
		};
		A35B2F6B2BEE1DA800F65614 /* microtar */ = {
			isa = PBXGroup;
			children = (
				A35B2F6C2BEE1DA800F65614 /* microtar.c */,
				A35B2F6D2BEE1DA800F65614 /* microtar.h */,
			);
			path = microtar;
			sourceTree = "<group>";
		};
		A35B2F6E2BEE1DA800F65614 /* inspire_model */ = {
			isa = PBXGroup;
			children = (
				A35B2F6F2BEE1DA800F65614 /* inspire_model.h */,
			);
			path = inspire_model;
			sourceTree = "<group>";
		};
		A35B2F712BEE1DA800F65614 /* nlohmann */ = {
			isa = PBXGroup;
			children = (
				A35B2F722BEE1DA800F65614 /* json.hpp */,
			);
			path = nlohmann;
			sourceTree = "<group>";
		};
		A35B2F732BEE1DA800F65614 /* inference_helper */ = {
			isa = PBXGroup;
			children = (
				A35B2F742BEE1DA800F65614 /* inference_helper_rknn_adapter.cpp */,
				A35B2F752BEE1DA800F65614 /* inference_helper_log.h */,
				A35B2F762BEE1DA800F65614 /* inference_helper_rknn.cpp */,
				A35B2F772BEE1DA800F65614 /* inference_helper.cpp */,
				A35B2F782BEE1DA800F65614 /* inference_helper_mnn.cpp */,
				A35B2F792BEE1DA800F65614 /* inference_helper_rknn_adapter.h */,
				A35B2F7A2BEE1DA800F65614 /* inference_helper.h */,
				A35B2F7B2BEE1DA800F65614 /* inference_helper_mnn.h */,
				A35B2F7C2BEE1DA800F65614 /* customized */,
				A35B2F7E2BEE1DA800F65614 /* inference_helper_rknn.h */,
			);
			path = inference_helper;
			sourceTree = "<group>";
		};
		A35B2F7C2BEE1DA800F65614 /* customized */ = {
			isa = PBXGroup;
			children = (
				A35B2F7D2BEE1DA800F65614 /* rknn_adapter.h */,
			);
			path = customized;
			sourceTree = "<group>";
		};
		A35B2F7F2BEE1DA800F65614 /* recognition_module */ = {
			isa = PBXGroup;
			children = (
				A35B2F802BEE1DA800F65614 /* face_feature_extraction.h */,
				A35B2F812BEE1DA900F65614 /* extract */,
				A35B2F852BEE1DA900F65614 /* face_feature_extraction.cpp */,
			);
			path = recognition_module;
			sourceTree = "<group>";
		};
		A35B2F812BEE1DA900F65614 /* extract */ = {
			isa = PBXGroup;
			children = (
				A35B2F822BEE1DA900F65614 /* alignment.h */,
				A35B2F832BEE1DA900F65614 /* extract.h */,
				A35B2F842BEE1DA900F65614 /* extract.cpp */,
			);
			path = extract;
			sourceTree = "<group>";
		};
		A35B2F872BEE1DA900F65614 /* Initialization_module */ = {
			isa = PBXGroup;
			children = (
				A35B2F882BEE1DA900F65614 /* launch.cpp */,
				A35B2F892BEE1DA900F65614 /* launch.h */,
			);
			path = Initialization_module;
			sourceTree = "<group>";
		};
		A35B2F8E2BEE1DA900F65614 /* feature_hub */ = {
			isa = PBXGroup;
			children = (
				A35B2F8F2BEE1DA900F65614 /* features_block */,
				A35B2F972BEE1DA900F65614 /* feature_hub.h */,
				A35B2F982BEE1DA900F65614 /* simd.h */,
				A35B2F992BEE1DA900F65614 /* persistence */,
				A35B2F9C2BEE1DA900F65614 /* feature_hub.cpp */,
			);
			path = feature_hub;
			sourceTree = "<group>";
		};
		A35B2F8F2BEE1DA900F65614 /* features_block */ = {
			isa = PBXGroup;
			children = (
				A35B2F902BEE1DA900F65614 /* feature_block.h */,
				A35B2F912BEE1DA900F65614 /* implement */,
				A35B2F962BEE1DA900F65614 /* feature_block.cpp */,
			);
			path = features_block;
			sourceTree = "<group>";
		};
		A35B2F912BEE1DA900F65614 /* implement */ = {
			isa = PBXGroup;
			children = (
				A35B2F922BEE1DA900F65614 /* feature_block_none.h */,
				A35B2F932BEE1DA900F65614 /* feature_block_none.cpp */,
				A35B2F942BEE1DA900F65614 /* feature_block_opencv.cpp */,
				A35B2F952BEE1DA900F65614 /* feature_block_opencv.h */,
			);
			path = implement;
			sourceTree = "<group>";
		};
		A35B2F992BEE1DA900F65614 /* persistence */ = {
			isa = PBXGroup;
			children = (
				A35B2F9A2BEE1DA900F65614 /* sqlite_faces_manage.h */,
				A35B2F9B2BEE1DA900F65614 /* sqlite_faces_manage.cpp */,
			);
			path = persistence;
			sourceTree = "<group>";
		};
		A35B2F9F2BEE1DA900F65614 /* track_module */ = {
			isa = PBXGroup;
			children = (
				A35B2FA02BEE1DA900F65614 /* landmark */,
				A35B2FA52BEE1DA900F65614 /* quality */,
				A35B2FA82BEE1DA900F65614 /* face_track.cpp */,
				A35B2FA92BEE1DA900F65614 /* face_track.h */,
				A35B2FAA2BEE1DA900F65614 /* face_detect */,
			);
			path = track_module;
			sourceTree = "<group>";
		};
		A35B2FA02BEE1DA900F65614 /* landmark */ = {
			isa = PBXGroup;
			children = (
				A35B2FA12BEE1DA900F65614 /* all.h */,
				A35B2FA22BEE1DA900F65614 /* face_landmark.h */,
				A35B2FA32BEE1DA900F65614 /* face_landmark.cpp */,
				A35B2FA42BEE1DA900F65614 /* mean_shape.h */,
			);
			path = landmark;
			sourceTree = "<group>";
		};
		A35B2FA52BEE1DA900F65614 /* quality */ = {
			isa = PBXGroup;
			children = (
				A35B2FA62BEE1DA900F65614 /* face_pose_quality.h */,
				A35B2FA72BEE1DA900F65614 /* face_pose_quality.cpp */,
			);
			path = quality;
			sourceTree = "<group>";
		};
		A35B2FAA2BEE1DA900F65614 /* face_detect */ = {
			isa = PBXGroup;
			children = (
				A35B2FAB2BEE1DA900F65614 /* all.h */,
				A35B2FAC2BEE1DA900F65614 /* face_detect.cpp */,
				A35B2FAD2BEE1DA900F65614 /* face_pose.cpp */,
				A35B2FAE2BEE1DA900F65614 /* rnet.cpp */,
				A35B2FAF2BEE1DA900F65614 /* face_pose.h */,
				A35B2FB02BEE1DA900F65614 /* rnet.h */,
				A35B2FB12BEE1DA900F65614 /* face_detect.h */,
			);
			path = face_detect;
			sourceTree = "<group>";
		};
		A35B2FB32BEE1DA900F65614 /* common */ = {
			isa = PBXGroup;
			children = (
				A35B2FB42BEE1DA900F65614 /* face_data */,
				A35B2FB72BEE1DA900F65614 /* face_info */,
			);
			path = common;
			sourceTree = "<group>";
		};
		A35B2FB42BEE1DA900F65614 /* face_data */ = {
			isa = PBXGroup;
			children = (
				A35B2FB52BEE1DA900F65614 /* face_data_type.h */,
				A35B2FB62BEE1DA900F65614 /* data_tools.h */,
			);
			path = face_data;
			sourceTree = "<group>";
		};
		A35B2FB72BEE1DA900F65614 /* face_info */ = {
			isa = PBXGroup;
			children = (
				A35B2FB82BEE1DA900F65614 /* face_object.h */,
				A35B2FB92BEE1DA900F65614 /* all.h */,
				A35B2FBA2BEE1DA900F65614 /* face_process.h */,
			);
			path = face_info;
			sourceTree = "<group>";
		};
		A35B2FBE2BEE1DA900F65614 /* pipeline_module */ = {
			isa = PBXGroup;
			children = (
				A35B2FBF2BEE1DA900F65614 /* face_pipeline.h */,
				A35B2FC02BEE1DA900F65614 /* attribute */,
				A35B2FC82BEE1DA900F65614 /* liveness */,
				A35B2FCE2BEE1DAA00F65614 /* face_pipeline.cpp */,
			);
			path = pipeline_module;
			sourceTree = "<group>";
		};
		A35B2FC02BEE1DA900F65614 /* attribute */ = {
			isa = PBXGroup;
			children = (
				A35B2FC12BEE1DA900F65614 /* mask_predict.cpp */,
				A35B2FC22BEE1DA900F65614 /* all.h */,
				A35B2FC32BEE1DA900F65614 /* age_predict.h */,
				A35B2FC42BEE1DA900F65614 /* mask_predict.h */,
				A35B2FC52BEE1DA900F65614 /* age_predict.cpp */,
				A35B2FC62BEE1DA900F65614 /* gender_predict.cpp */,
				A35B2FC72BEE1DA900F65614 /* gender_predict.h */,
			);
			path = attribute;
			sourceTree = "<group>";
		};
		A35B2FC82BEE1DA900F65614 /* liveness */ = {
			isa = PBXGroup;
			children = (
				A35B2FC92BEE1DA900F65614 /* rgb_anti_spoofing.h */,
				A35B2FCA2BEE1DA900F65614 /* all.h */,
				A35B2FCB2BEE1DAA00F65614 /* liveness_interaction.h */,
				A35B2FCC2BEE1DAA00F65614 /* rgb_anti_spoofing.cpp */,
				A35B2FCD2BEE1DAA00F65614 /* liveness_interaction.cpp */,
			);
			path = liveness;
			sourceTree = "<group>";
		};
		A35B2FCF2BEE1DAA00F65614 /* c_api */ = {
			isa = PBXGroup;
			children = (
				A35B2FD02BEE1DAA00F65614 /* inspireface.cc */,
				A35B2FD12BEE1DAA00F65614 /* inspireface.h */,
				A35B2FD22BEE1DAA00F65614 /* inspireface_internal.h */,
				A35B2FD32BEE1DAA00F65614 /* intypedef.h */,
			);
			path = c_api;
			sourceTree = "<group>";
		};
/* End PBXGroup section */

/* Begin PBXHeadersBuildPhase section */
		A35B2D212BEE146400F65614 /* Headers */ = {
			isa = PBXHeadersBuildPhase;
			buildActionMask = 2147483647;
			files = (
				A35B30162BEE1DAC00F65614 /* all.h in Headers */,
				A35B2FD72BEE1DAA00F65614 /* costman.h in Headers */,
				A35B2FEA2BEE1DAA00F65614 /* face_feature_extraction.h in Headers */,
				A35B2DAE2BEE164300F65614 /* regex_yaml.h in Headers */,
				A35B2D942BEE164200F65614 /* stream.h in Headers */,
				A35B2FFC2BEE1DAB00F65614 /* feature_hub.h in Headers */,
				A35B2DA02BEE164300F65614 /* stringsource.h in Headers */,
				A35B30172BEE1DAC00F65614 /* face_process.h in Headers */,
				A35B2DB22BEE164300F65614 /* setting.h in Headers */,
				A35B30182BEE1DAC00F65614 /* log.h in Headers */,
				A35B30032BEE1DAB00F65614 /* all.h in Headers */,
				A35B30122BEE1DAC00F65614 /* data_type.h in Headers */,
				A35B2DAA2BEE164300F65614 /* ptr_vector.h in Headers */,
				A35B2D9A2BEE164300F65614 /* graphbuilderadapter.h in Headers */,
				A35B302C2BEE1DAD00F65614 /* intypedef.h in Headers */,
				A35B2FE52BEE1DAA00F65614 /* inference_helper_rknn_adapter.h in Headers */,
				A35B30142BEE1DAC00F65614 /* data_tools.h in Headers */,
				A35B2D842BEE164200F65614 /* tag.h in Headers */,
				A35B30152BEE1DAC00F65614 /* face_object.h in Headers */,
				A35B302A2BEE1DAD00F65614 /* inspireface.h in Headers */,
				A35B2DA62BEE164300F65614 /* emitterstate.h in Headers */,
				A35B2FF72BEE1DAB00F65614 /* feature_block_none.h in Headers */,
				A35B301B2BEE1DAC00F65614 /* face_pipeline.h in Headers */,
				A35B2FFA2BEE1DAB00F65614 /* feature_block_opencv.h in Headers */,
				A35B30132BEE1DAC00F65614 /* face_data_type.h in Headers */,
				A35B2FDF2BEE1DAA00F65614 /* json.hpp in Headers */,
				A35B2D9F2BEE164300F65614 /* streamcharsource.h in Headers */,
				A35B2FD92BEE1DAA00F65614 /* sample_archive.h in Headers */,
				A35B2D8A2BEE164200F65614 /* nodeevents.h in Headers */,
				A35B2FE62BEE1DAA00F65614 /* inference_helper.h in Headers */,
				A35B2D372BEE146400F65614 /* InspireFace.h in Headers */,
				A35B2D812BEE164200F65614 /* scantag.h in Headers */,
				A35B2DA82BEE164300F65614 /* collectionstack.h in Headers */,
				A35B2FDD2BEE1DAA00F65614 /* inspire_model.h in Headers */,
				A35B2D822BEE164200F65614 /* regeximpl.h in Headers */,
				A35B2FF12BEE1DAB00F65614 /* launch.h in Headers */,
				A35B2FFE2BEE1DAB00F65614 /* sqlite_faces_manage.h in Headers */,
				A35B2FDA2BEE1DAA00F65614 /* inspire_archive.h in Headers */,
				A35B300B2BEE1DAC00F65614 /* all.h in Headers */,
				A35B300A2BEE1DAC00F65614 /* face_track.h in Headers */,
				A35B2DAB2BEE164300F65614 /* singledocparser.h in Headers */,
				A35B2FD52BEE1DAA00F65614 /* utils.h in Headers */,
				A35B30252BEE1DAC00F65614 /* liveness_interaction.h in Headers */,
				A35B2FE82BEE1DAA00F65614 /* rknn_adapter.h in Headers */,
				A35B2D882BEE164200F65614 /* indentation.h in Headers */,
				A35B301F2BEE1DAC00F65614 /* mask_predict.h in Headers */,
				A35B2D9B2BEE164300F65614 /* nodebuilder.h in Headers */,
				A35B2FD42BEE1DAA00F65614 /* camera_stream.h in Headers */,
				A35B2FF32BEE1DAB00F65614 /* information.h in Headers */,
				A35B300F2BEE1DAC00F65614 /* face_pose.h in Headers */,
				A35B2DB32BEE164300F65614 /* directives.h in Headers */,
				A35B2FD82BEE1DAA00F65614 /* any_net.h in Headers */,
				A35B301E2BEE1DAC00F65614 /* age_predict.h in Headers */,
				A35B2FE92BEE1DAA00F65614 /* inference_helper_rknn.h in Headers */,
				A35B2FF42BEE1DAB00F65614 /* herror.h in Headers */,
				A35B30062BEE1DAB00F65614 /* mean_shape.h in Headers */,
				A35B2DAC2BEE164300F65614 /* exp.h in Headers */,
				A35B2FE12BEE1DAA00F65614 /* inference_helper_log.h in Headers */,
				A35B30102BEE1DAC00F65614 /* rnet.h in Headers */,
				A35B2FE72BEE1DAA00F65614 /* inference_helper_mnn.h in Headers */,
				A35B30232BEE1DAC00F65614 /* rgb_anti_spoofing.h in Headers */,
				A35B2FEB2BEE1DAA00F65614 /* alignment.h in Headers */,
				A35B30042BEE1DAB00F65614 /* face_landmark.h in Headers */,
				A35B2DA22BEE164300F65614 /* scanner.h in Headers */,
				A35B30012BEE1DAB00F65614 /* face_context.h in Headers */,
				A35B2D7E2BEE164200F65614 /* scanscalar.h in Headers */,
				A35B30112BEE1DAC00F65614 /* face_detect.h in Headers */,
				A35B2DAD2BEE164300F65614 /* token.h in Headers */,
				A35B302B2BEE1DAD00F65614 /* inspireface_internal.h in Headers */,
				A35B301D2BEE1DAC00F65614 /* all.h in Headers */,
				A35B2D922BEE164200F65614 /* emitterutils.h in Headers */,
				A35B2FFD2BEE1DAB00F65614 /* simd.h in Headers */,
				A35B2FD62BEE1DAA00F65614 /* configurable.h in Headers */,
				A35B2FF62BEE1DAB00F65614 /* feature_block.h in Headers */,
				A35B2FEC2BEE1DAB00F65614 /* extract.h in Headers */,
				A35B30222BEE1DAC00F65614 /* gender_predict.h in Headers */,
				A35B30242BEE1DAC00F65614 /* all.h in Headers */,
				A35B30072BEE1DAB00F65614 /* face_pose_quality.h in Headers */,
				A35B2FDC2BEE1DAA00F65614 /* microtar.h in Headers */,
			);
			runOnlyForDeploymentPostprocessing = 0;
		};
/* End PBXHeadersBuildPhase section */

/* Begin PBXNativeTarget section */
		A35B2D252BEE146400F65614 /* InspireFace */ = {
			isa = PBXNativeTarget;
			buildConfigurationList = A35B2D3A2BEE146400F65614 /* Build configuration list for PBXNativeTarget "InspireFace" */;
			buildPhases = (
				A35B2D212BEE146400F65614 /* Headers */,
				A35B2D222BEE146400F65614 /* Sources */,
				A35B2D232BEE146400F65614 /* Frameworks */,
				A35B2D242BEE146400F65614 /* Resources */,
			);
			buildRules = (
			);
			dependencies = (
			);
			name = InspireFace;
			productName = InspireFace;
			productReference = A35B2D262BEE146400F65614 /* InspireFace.framework */;
			productType = "com.apple.product-type.framework";
		};
		A35B2D2F2BEE146400F65614 /* InspireFaceTests */ = {
			isa = PBXNativeTarget;
			buildConfigurationList = A35B2D3D2BEE146400F65614 /* Build configuration list for PBXNativeTarget "InspireFaceTests" */;
			buildPhases = (
				A35B2D2C2BEE146400F65614 /* Sources */,
				A35B2D2D2BEE146400F65614 /* Frameworks */,
				A35B2D2E2BEE146400F65614 /* Resources */,
			);
			buildRules = (
			);
			dependencies = (
				A35B2D332BEE146400F65614 /* PBXTargetDependency */,
			);
			name = InspireFaceTests;
			productName = InspireFaceTests;
			productReference = A35B2D302BEE146400F65614 /* InspireFaceTests.xctest */;
			productType = "com.apple.product-type.bundle.unit-test";
		};
/* End PBXNativeTarget section */

/* Begin PBXProject section */
		A35B2D1D2BEE146400F65614 /* Project object */ = {
			isa = PBXProject;
			attributes = {
				BuildIndependentTargetsInParallel = 1;
				LastUpgradeCheck = 1340;
				TargetAttributes = {
					A35B2D252BEE146400F65614 = {
						CreatedOnToolsVersion = 13.4.1;
					};
					A35B2D2F2BEE146400F65614 = {
						CreatedOnToolsVersion = 13.4.1;
					};
				};
			};
			buildConfigurationList = A35B2D202BEE146400F65614 /* Build configuration list for PBXProject "InspireFace" */;
			compatibilityVersion = "Xcode 13.0";
			developmentRegion = en;
			hasScannedForEncodings = 0;
			knownRegions = (
				en,
				Base,
			);
			mainGroup = A35B2D1C2BEE146400F65614;
			productRefGroup = A35B2D272BEE146400F65614 /* Products */;
			projectDirPath = "";
			projectRoot = "";
			targets = (
				A35B2D252BEE146400F65614 /* InspireFace */,
				A35B2D2F2BEE146400F65614 /* InspireFaceTests */,
			);
		};
/* End PBXProject section */

/* Begin PBXResourcesBuildPhase section */
		A35B2D242BEE146400F65614 /* Resources */ = {
			isa = PBXResourcesBuildPhase;
			buildActionMask = 2147483647;
			files = (
				A35B2D962BEE164200F65614 /* yaml-cpp.natvis in Resources */,
				A35B2D982BEE164200F65614 /* yaml-cpp.natvis.md in Resources */,
			);
			runOnlyForDeploymentPostprocessing = 0;
		};
		A35B2D2E2BEE146400F65614 /* Resources */ = {
			isa = PBXResourcesBuildPhase;
			buildActionMask = 2147483647;
			files = (
			);
			runOnlyForDeploymentPostprocessing = 0;
		};
/* End PBXResourcesBuildPhase section */

/* Begin PBXSourcesBuildPhase section */
		A35B2D222BEE146400F65614 /* Sources */ = {
			isa = PBXSourcesBuildPhase;
			buildActionMask = 2147483647;
			files = (
				A35B30002BEE1DAB00F65614 /* feature_hub.cpp in Sources */,
				A35B2EB82BEE1C5B00F65614 /* scanscalar.h in Sources */,
				A35B2FE02BEE1DAA00F65614 /* inference_helper_rknn_adapter.cpp in Sources */,
				A35B2EB92BEE1C5B00F65614 /* scantag.h in Sources */,
				A35B2EBA2BEE1C5B00F65614 /* regeximpl.h in Sources */,
				A35B2EBB2BEE1C5B00F65614 /* tag.h in Sources */,
				A35B2EBC2BEE1C5B00F65614 /* indentation.h in Sources */,
				A35B30212BEE1DAC00F65614 /* gender_predict.cpp in Sources */,
				A35B30202BEE1DAC00F65614 /* age_predict.cpp in Sources */,
				A35B2FEE2BEE1DAB00F65614 /* face_feature_extraction.cpp in Sources */,
				A35B2EBD2BEE1C5B00F65614 /* nodeevents.h in Sources */,
				A35B2EBE2BEE1C5B00F65614 /* emitterutils.h in Sources */,
				A35B2EBF2BEE1C5B00F65614 /* stream.h in Sources */,
				A35B2EC02BEE1C5B00F65614 /* yaml-cpp.natvis in Sources */,
				A35B2EC12BEE1C5B00F65614 /* yaml-cpp.natvis.md in Sources */,
				A35B2EC22BEE1C5C00F65614 /* graphbuilderadapter.h in Sources */,
				A35B2EC32BEE1C5C00F65614 /* nodebuilder.h in Sources */,
				A35B2EC42BEE1C5C00F65614 /* streamcharsource.h in Sources */,
				A35B2EC52BEE1C5C00F65614 /* stringsource.h in Sources */,
				A35B2EC62BEE1C5C00F65614 /* scanner.h in Sources */,
				A35B2FFF2BEE1DAB00F65614 /* sqlite_faces_manage.cpp in Sources */,
				A35B2EC72BEE1C5C00F65614 /* emitterstate.h in Sources */,
				A35B2EC82BEE1C5C00F65614 /* collectionstack.h in Sources */,
				A35B2EC92BEE1C5C00F65614 /* ptr_vector.h in Sources */,
				A35B2ECA2BEE1C5C00F65614 /* singledocparser.h in Sources */,
				A35B2FE22BEE1DAA00F65614 /* inference_helper_rknn.cpp in Sources */,
				A35B2ECB2BEE1C5C00F65614 /* exp.h in Sources */,
				A35B2FEF2BEE1DAB00F65614 /* log.cpp in Sources */,
				A35B2ECC2BEE1C5C00F65614 /* token.h in Sources */,
				A35B2ECD2BEE1C5C00F65614 /* regex_yaml.h in Sources */,
				A35B2ECE2BEE1C5C00F65614 /* setting.h in Sources */,
				A35B30082BEE1DAB00F65614 /* face_pose_quality.cpp in Sources */,
				A35B2ECF2BEE1C5C00F65614 /* directives.h in Sources */,
				A35B2D972BEE164200F65614 /* graphbuilderadapter.cpp in Sources */,
				A35B2D932BEE164200F65614 /* binary.cpp in Sources */,
				A35B30272BEE1DAC00F65614 /* liveness_interaction.cpp in Sources */,
				A35B2D2B2BEE146400F65614 /* InspireFace.docc in Sources */,
				A35B2D8D2BEE164200F65614 /* scanscalar.cpp in Sources */,
				A35B2DB02BEE164300F65614 /* emitterstate.cpp in Sources */,
				A35B30192BEE1DAC00F65614 /* face_context.cpp in Sources */,
				A35B2FFB2BEE1DAB00F65614 /* feature_block.cpp in Sources */,
				A35B2FF92BEE1DAB00F65614 /* feature_block_opencv.cpp in Sources */,
				A35B2DA52BEE164300F65614 /* scantoken.cpp in Sources */,
				A35B30262BEE1DAC00F65614 /* rgb_anti_spoofing.cpp in Sources */,
				A35B2D862BEE164200F65614 /* simplekey.cpp in Sources */,
				A35B2D7F2BEE164200F65614 /* exceptions.cpp in Sources */,
				A35B2D8B2BEE164200F65614 /* convert.cpp in Sources */,
				A35B2DB12BEE164300F65614 /* parser.cpp in Sources */,
				A35B2FDB2BEE1DAA00F65614 /* microtar.c in Sources */,
				A35B2D8F2BEE164200F65614 /* null.cpp in Sources */,
				A35B2DA72BEE164300F65614 /* nodebuilder.cpp in Sources */,
				A35B2D852BEE164200F65614 /* emitfromevents.cpp in Sources */,
				A35B2FF02BEE1DAB00F65614 /* launch.cpp in Sources */,
				A35B2D802BEE164200F65614 /* memory.cpp in Sources */,
				A35B2D8C2BEE164200F65614 /* regex_yaml.cpp in Sources */,
				A35B2D912BEE164200F65614 /* singledocparser.cpp in Sources */,
				A35B2FE42BEE1DAA00F65614 /* inference_helper_mnn.cpp in Sources */,
				A35B30292BEE1DAD00F65614 /* inspireface.cc in Sources */,
				A35B2D832BEE164200F65614 /* ostream_wrapper.cpp in Sources */,
				A35B2FDE2BEE1DAA00F65614 /* configurable.cpp in Sources */,
				A35B2D8E2BEE164200F65614 /* exp.cpp in Sources */,
				A35B2DA12BEE164300F65614 /* emitterutils.cpp in Sources */,
				A35B2FE32BEE1DAA00F65614 /* inference_helper.cpp in Sources */,
				A35B2DA92BEE164300F65614 /* directives.cpp in Sources */,
				A35B301C2BEE1DAC00F65614 /* mask_predict.cpp in Sources */,
				A35B30092BEE1DAB00F65614 /* face_track.cpp in Sources */,
				A35B2D9E2BEE164300F65614 /* tag.cpp in Sources */,
				A35B30052BEE1DAB00F65614 /* face_landmark.cpp in Sources */,
				A35B2D9D2BEE164300F65614 /* emit.cpp in Sources */,
				A35B2D9C2BEE164300F65614 /* scanner.cpp in Sources */,
				A35B300D2BEE1DAC00F65614 /* face_pose.cpp in Sources */,
				A35B2D902BEE164200F65614 /* node.cpp in Sources */,
				A35B2DA42BEE164300F65614 /* scantag.cpp in Sources */,
				A35B300E2BEE1DAC00F65614 /* rnet.cpp in Sources */,
				A35B2D892BEE164200F65614 /* emitter.cpp in Sources */,
				A35B2FED2BEE1DAB00F65614 /* extract.cpp in Sources */,
				A35B2D872BEE164200F65614 /* parse.cpp in Sources */,
				A35B2D992BEE164200F65614 /* graphbuilder.cpp in Sources */,
				A35B2FF82BEE1DAB00F65614 /* feature_block_none.cpp in Sources */,
				A35B2DAF2BEE164300F65614 /* node_data.cpp in Sources */,
				A35B2D952BEE164200F65614 /* nodeevents.cpp in Sources */,
				A35B2DA32BEE164300F65614 /* stream.cpp in Sources */,
				A35B2DB52BEE16B600F65614 /* sqlite3.c in Sources */,
				A35B30282BEE1DAC00F65614 /* face_pipeline.cpp in Sources */,
				A35B300C2BEE1DAC00F65614 /* face_detect.cpp in Sources */,
			);
			runOnlyForDeploymentPostprocessing = 0;
		};
		A35B2D2C2BEE146400F65614 /* Sources */ = {
			isa = PBXSourcesBuildPhase;
			buildActionMask = 2147483647;
			files = (
				A35B2D362BEE146400F65614 /* InspireFaceTests.m in Sources */,
			);
			runOnlyForDeploymentPostprocessing = 0;
		};
/* End PBXSourcesBuildPhase section */

/* Begin PBXTargetDependency section */
		A35B2D332BEE146400F65614 /* PBXTargetDependency */ = {
			isa = PBXTargetDependency;
			target = A35B2D252BEE146400F65614 /* InspireFace */;
			targetProxy = A35B2D322BEE146400F65614 /* PBXContainerItemProxy */;
		};
/* End PBXTargetDependency section */

/* Begin XCBuildConfiguration section */
		A35B2D382BEE146400F65614 /* Debug */ = {
			isa = XCBuildConfiguration;
			buildSettings = {
				ALWAYS_SEARCH_USER_PATHS = NO;
				CLANG_ANALYZER_NONNULL = YES;
				CLANG_ANALYZER_NUMBER_OBJECT_CONVERSION = YES_AGGRESSIVE;
				CLANG_CXX_LANGUAGE_STANDARD = "gnu++17";
				CLANG_ENABLE_MODULES = YES;
				CLANG_ENABLE_OBJC_ARC = YES;
				CLANG_ENABLE_OBJC_WEAK = YES;
				CLANG_WARN_BLOCK_CAPTURE_AUTORELEASING = YES;
				CLANG_WARN_BOOL_CONVERSION = YES;
				CLANG_WARN_COMMA = YES;
				CLANG_WARN_CONSTANT_CONVERSION = YES;
				CLANG_WARN_DEPRECATED_OBJC_IMPLEMENTATIONS = YES;
				CLANG_WARN_DIRECT_OBJC_ISA_USAGE = YES_ERROR;
				CLANG_WARN_DOCUMENTATION_COMMENTS = YES;
				CLANG_WARN_EMPTY_BODY = YES;
				CLANG_WARN_ENUM_CONVERSION = YES;
				CLANG_WARN_INFINITE_RECURSION = YES;
				CLANG_WARN_INT_CONVERSION = YES;
				CLANG_WARN_NON_LITERAL_NULL_CONVERSION = YES;
				CLANG_WARN_OBJC_IMPLICIT_RETAIN_SELF = YES;
				CLANG_WARN_OBJC_LITERAL_CONVERSION = YES;
				CLANG_WARN_OBJC_ROOT_CLASS = YES_ERROR;
				CLANG_WARN_QUOTED_INCLUDE_IN_FRAMEWORK_HEADER = YES;
				CLANG_WARN_RANGE_LOOP_ANALYSIS = YES;
				CLANG_WARN_STRICT_PROTOTYPES = YES;
				CLANG_WARN_SUSPICIOUS_MOVE = YES;
				CLANG_WARN_UNGUARDED_AVAILABILITY = YES_AGGRESSIVE;
				CLANG_WARN_UNREACHABLE_CODE = YES;
				CLANG_WARN__DUPLICATE_METHOD_MATCH = YES;
				COPY_PHASE_STRIP = NO;
				CURRENT_PROJECT_VERSION = 1;
				DEBUG_INFORMATION_FORMAT = dwarf;
				ENABLE_STRICT_OBJC_MSGSEND = YES;
				ENABLE_TESTABILITY = YES;
				GCC_C_LANGUAGE_STANDARD = gnu11;
				GCC_DYNAMIC_NO_PIC = NO;
				GCC_NO_COMMON_BLOCKS = YES;
				GCC_OPTIMIZATION_LEVEL = 0;
				GCC_PREPROCESSOR_DEFINITIONS = (
					"DEBUG=1",
					"$(inherited)",
				);
				GCC_WARN_64_TO_32_BIT_CONVERSION = YES;
				GCC_WARN_ABOUT_RETURN_TYPE = YES_ERROR;
				GCC_WARN_UNDECLARED_SELECTOR = YES;
				GCC_WARN_UNINITIALIZED_AUTOS = YES_AGGRESSIVE;
				GCC_WARN_UNUSED_FUNCTION = YES;
				GCC_WARN_UNUSED_VARIABLE = YES;
				HEADER_SEARCH_PATHS = (
					"../../../3rdparty/yaml-cpp/include",
					"../../../3rdparty/inspireface-precompile/sqlite",
				);
				IPHONEOS_DEPLOYMENT_TARGET = 15.5;
				MTL_ENABLE_DEBUG_INFO = INCLUDE_SOURCE;
				MTL_FAST_MATH = YES;
				ONLY_ACTIVE_ARCH = YES;
				SDKROOT = iphoneos;
				VERSIONING_SYSTEM = "apple-generic";
				VERSION_INFO_PREFIX = "";
			};
			name = Debug;
		};
		A35B2D392BEE146400F65614 /* Release */ = {
			isa = XCBuildConfiguration;
			buildSettings = {
				ALWAYS_SEARCH_USER_PATHS = NO;
				CLANG_ANALYZER_NONNULL = YES;
				CLANG_ANALYZER_NUMBER_OBJECT_CONVERSION = YES_AGGRESSIVE;
				CLANG_CXX_LANGUAGE_STANDARD = "gnu++17";
				CLANG_ENABLE_MODULES = YES;
				CLANG_ENABLE_OBJC_ARC = YES;
				CLANG_ENABLE_OBJC_WEAK = YES;
				CLANG_WARN_BLOCK_CAPTURE_AUTORELEASING = YES;
				CLANG_WARN_BOOL_CONVERSION = YES;
				CLANG_WARN_COMMA = YES;
				CLANG_WARN_CONSTANT_CONVERSION = YES;
				CLANG_WARN_DEPRECATED_OBJC_IMPLEMENTATIONS = YES;
				CLANG_WARN_DIRECT_OBJC_ISA_USAGE = YES_ERROR;
				CLANG_WARN_DOCUMENTATION_COMMENTS = YES;
				CLANG_WARN_EMPTY_BODY = YES;
				CLANG_WARN_ENUM_CONVERSION = YES;
				CLANG_WARN_INFINITE_RECURSION = YES;
				CLANG_WARN_INT_CONVERSION = YES;
				CLANG_WARN_NON_LITERAL_NULL_CONVERSION = YES;
				CLANG_WARN_OBJC_IMPLICIT_RETAIN_SELF = YES;
				CLANG_WARN_OBJC_LITERAL_CONVERSION = YES;
				CLANG_WARN_OBJC_ROOT_CLASS = YES_ERROR;
				CLANG_WARN_QUOTED_INCLUDE_IN_FRAMEWORK_HEADER = YES;
				CLANG_WARN_RANGE_LOOP_ANALYSIS = YES;
				CLANG_WARN_STRICT_PROTOTYPES = YES;
				CLANG_WARN_SUSPICIOUS_MOVE = YES;
				CLANG_WARN_UNGUARDED_AVAILABILITY = YES_AGGRESSIVE;
				CLANG_WARN_UNREACHABLE_CODE = YES;
				CLANG_WARN__DUPLICATE_METHOD_MATCH = YES;
				COPY_PHASE_STRIP = NO;
				CURRENT_PROJECT_VERSION = 1;
				DEBUG_INFORMATION_FORMAT = "dwarf-with-dsym";
				ENABLE_NS_ASSERTIONS = NO;
				ENABLE_STRICT_OBJC_MSGSEND = YES;
				GCC_C_LANGUAGE_STANDARD = gnu11;
				GCC_NO_COMMON_BLOCKS = YES;
				GCC_WARN_64_TO_32_BIT_CONVERSION = YES;
				GCC_WARN_ABOUT_RETURN_TYPE = YES_ERROR;
				GCC_WARN_UNDECLARED_SELECTOR = YES;
				GCC_WARN_UNINITIALIZED_AUTOS = YES_AGGRESSIVE;
				GCC_WARN_UNUSED_FUNCTION = YES;
				GCC_WARN_UNUSED_VARIABLE = YES;
				HEADER_SEARCH_PATHS = (
					"../../../3rdparty/yaml-cpp/include",
					"../../../3rdparty/inspireface-precompile/sqlite",
				);
				IPHONEOS_DEPLOYMENT_TARGET = 15.5;
				MTL_ENABLE_DEBUG_INFO = NO;
				MTL_FAST_MATH = YES;
				SDKROOT = iphoneos;
				VALIDATE_PRODUCT = YES;
				VERSIONING_SYSTEM = "apple-generic";
				VERSION_INFO_PREFIX = "";
			};
			name = Release;
		};
		A35B2D3B2BEE146400F65614 /* Debug */ = {
			isa = XCBuildConfiguration;
			buildSettings = {
				CODE_SIGN_STYLE = Automatic;
				CURRENT_PROJECT_VERSION = 1;
				DEFINES_MODULE = YES;
				DEVELOPMENT_TEAM = 8VUQMG682B;
				DYLIB_COMPATIBILITY_VERSION = 1;
				DYLIB_CURRENT_VERSION = 1;
				DYLIB_INSTALL_NAME_BASE = "@rpath";
				ENABLE_BITCODE = NO;
				FRAMEWORK_SEARCH_PATHS = (
					"$(inherited)",
					"$(PROJECT_DIR)",
				);
				GCC_PREPROCESSOR_DEFINITIONS = (
					INFERENCE_HELPER_ENABLE_MNN,
					FEATURE_BLOCK_ENABLE_OPENCV,
				);
				GENERATE_INFOPLIST_FILE = YES;
				HEADER_SEARCH_PATHS = (
					"../../../3rdparty/yaml-cpp/include",
					"../../../3rdparty/inspireface-precompile/sqlite",
					../../../cpp/inspireface,
				);
				INFOPLIST_KEY_NSHumanReadableCopyright = "";
				INSTALL_PATH = "$(LOCAL_LIBRARY_DIR)/Frameworks";
				IPHONEOS_DEPLOYMENT_TARGET = 12.0;
				LD_RUNPATH_SEARCH_PATHS = (
					"$(inherited)",
					"@executable_path/Frameworks",
					"@loader_path/Frameworks",
				);
				MARKETING_VERSION = 1.0;
				PRODUCT_BUNDLE_IDENTIFIER = com.inspireface.InspireFace;
				PRODUCT_NAME = "$(TARGET_NAME:c99extidentifier)";
				SKIP_INSTALL = YES;
				SWIFT_EMIT_LOC_STRINGS = YES;
				TARGETED_DEVICE_FAMILY = "1,2";
			};
			name = Debug;
		};
		A35B2D3C2BEE146400F65614 /* Release */ = {
			isa = XCBuildConfiguration;
			buildSettings = {
				CODE_SIGN_STYLE = Automatic;
				CURRENT_PROJECT_VERSION = 1;
				DEFINES_MODULE = YES;
				DEVELOPMENT_TEAM = 8VUQMG682B;
				DYLIB_COMPATIBILITY_VERSION = 1;
				DYLIB_CURRENT_VERSION = 1;
				DYLIB_INSTALL_NAME_BASE = "@rpath";
				ENABLE_BITCODE = NO;
				FRAMEWORK_SEARCH_PATHS = (
					"$(inherited)",
					"$(PROJECT_DIR)",
				);
				GCC_PREPROCESSOR_DEFINITIONS = INFERENCE_HELPER_ENABLE_RKNN;
				"GCC_PREPROCESSOR_DEFINITIONS[arch=*]" = "";
				GENERATE_INFOPLIST_FILE = YES;
				HEADER_SEARCH_PATHS = (
					"../../../3rdparty/yaml-cpp/include",
					"../../../3rdparty/inspireface-precompile/sqlite",
					../../../cpp/inspireface,
				);
				INFOPLIST_KEY_NSHumanReadableCopyright = "";
				INSTALL_PATH = "$(LOCAL_LIBRARY_DIR)/Frameworks";
				IPHONEOS_DEPLOYMENT_TARGET = 12.0;
				LD_RUNPATH_SEARCH_PATHS = (
					"$(inherited)",
					"@executable_path/Frameworks",
					"@loader_path/Frameworks",
				);
				MARKETING_VERSION = 1.0;
				PRODUCT_BUNDLE_IDENTIFIER = com.inspireface.InspireFace;
				PRODUCT_NAME = "$(TARGET_NAME:c99extidentifier)";
				SKIP_INSTALL = YES;
				SWIFT_EMIT_LOC_STRINGS = YES;
				TARGETED_DEVICE_FAMILY = "1,2";
			};
			name = Release;
		};
		A35B2D3E2BEE146400F65614 /* Debug */ = {
			isa = XCBuildConfiguration;
			buildSettings = {
				CODE_SIGN_STYLE = Automatic;
				CURRENT_PROJECT_VERSION = 1;
				DEVELOPMENT_TEAM = 8VUQMG682B;
				GENERATE_INFOPLIST_FILE = YES;
				MARKETING_VERSION = 1.0;
				PRODUCT_BUNDLE_IDENTIFIER = com.inspireface.InspireFaceTests;
				PRODUCT_NAME = "$(TARGET_NAME)";
				SWIFT_EMIT_LOC_STRINGS = NO;
				TARGETED_DEVICE_FAMILY = "1,2";
			};
			name = Debug;
		};
		A35B2D3F2BEE146400F65614 /* Release */ = {
			isa = XCBuildConfiguration;
			buildSettings = {
				CODE_SIGN_STYLE = Automatic;
				CURRENT_PROJECT_VERSION = 1;
				DEVELOPMENT_TEAM = 8VUQMG682B;
				GENERATE_INFOPLIST_FILE = YES;
				MARKETING_VERSION = 1.0;
				PRODUCT_BUNDLE_IDENTIFIER = com.inspireface.InspireFaceTests;
				PRODUCT_NAME = "$(TARGET_NAME)";
				SWIFT_EMIT_LOC_STRINGS = NO;
				TARGETED_DEVICE_FAMILY = "1,2";
			};
			name = Release;
		};
/* End XCBuildConfiguration section */

/* Begin XCConfigurationList section */
		A35B2D202BEE146400F65614 /* Build configuration list for PBXProject "InspireFace" */ = {
			isa = XCConfigurationList;
			buildConfigurations = (
				A35B2D382BEE146400F65614 /* Debug */,
				A35B2D392BEE146400F65614 /* Release */,
			);
			defaultConfigurationIsVisible = 0;
			defaultConfigurationName = Release;
		};
		A35B2D3A2BEE146400F65614 /* Build configuration list for PBXNativeTarget "InspireFace" */ = {
			isa = XCConfigurationList;
			buildConfigurations = (
				A35B2D3B2BEE146400F65614 /* Debug */,
				A35B2D3C2BEE146400F65614 /* Release */,
			);
			defaultConfigurationIsVisible = 0;
			defaultConfigurationName = Release;
		};
		A35B2D3D2BEE146400F65614 /* Build configuration list for PBXNativeTarget "InspireFaceTests" */ = {
			isa = XCConfigurationList;
			buildConfigurations = (
				A35B2D3E2BEE146400F65614 /* Debug */,
				A35B2D3F2BEE146400F65614 /* Release */,
			);
			defaultConfigurationIsVisible = 0;
			defaultConfigurationName = Release;
		};
/* End XCConfigurationList section */
	};
	rootObject = A35B2D1D2BEE146400F65614 /* Project object */;
}
